# THIS IS AN AUTOGENERATED FILE. DO NOT EDIT THIS FILE DIRECTLY.
# yarn lockfile v1


"@jimp/core@1.3.0":
  version "1.3.0"
  resolved "https://registry.yarnpkg.com/@jimp/core/-/core-1.3.0.tgz#ab877c294d97e05ad925a3018a61402609757f36"
  integrity sha512-3+ndSrQYQxyyKyUSdXyk29vHt9vc3zg+3aFrVX2RHzAMeLdjkQHqzQc/7v6VxRk6BtOh1v/VPtmsXHXVg1vVhA==
  dependencies:
    "@jimp/file-ops" "1.3.0"
    "@jimp/types" "1.3.0"
    "@jimp/utils" "1.3.0"
    await-to-js "^3.0.0"
    exif-parser "^0.1.12"
    file-type "^16.0.0"
    mime "3"

"@jimp/diff@1.3.0":
  version "1.3.0"
  resolved "https://registry.yarnpkg.com/@jimp/diff/-/diff-1.3.0.tgz#ab5a72fab32293f5fd91fc6598e730dfd324687b"
  integrity sha512-eGFfZi8UjSZ6gGu9kpQmGPRRDt5fMV3V1qKRn0cTqtBsECAnKPG5PPT1dvnjDDBbtAOH81jhIr//ko8H5WV8jg==
  dependencies:
    "@jimp/plugin-resize" "1.3.0"
    "@jimp/types" "1.3.0"
    "@jimp/utils" "1.3.0"
    pixelmatch "^5.3.0"

"@jimp/file-ops@1.3.0":
  version "1.3.0"
  resolved "https://registry.yarnpkg.com/@jimp/file-ops/-/file-ops-1.3.0.tgz#ee270ea98e3793918facef352c562440ee9f7e47"
  integrity sha512-DzbSLgUdOGT9T9qf+Ik/hBA8e4zA9tWyHnJJA/N9sJHwHNDCMtoaX3KY5ssHuRGmcngGKLwbeGjddnZXF4oIVA==

"@jimp/js-bmp@1.3.0":
  version "1.3.0"
  resolved "https://registry.yarnpkg.com/@jimp/js-bmp/-/js-bmp-1.3.0.tgz#a4e78b724b93d55c4cb052cef12b8c7eea52ef48"
  integrity sha512-sc3jvJJOMHoUtP9mlnuBCkwhHy9T2KiSfdV3XKg81v+bg9O0LudB33v3Y0dtGxSo/WOL2V6PVNIWTRf7gu+hJw==
  dependencies:
    "@jimp/core" "1.3.0"
    "@jimp/types" "1.3.0"
    "@jimp/utils" "1.3.0"
    bmp-ts "^1.0.9"

"@jimp/js-gif@1.3.0":
  version "1.3.0"
  resolved "https://registry.yarnpkg.com/@jimp/js-gif/-/js-gif-1.3.0.tgz#aa6dc47bd937a45593bc3f8f365516c7a060089d"
  integrity sha512-hhAd/TpZSp6AIuRjYKFGGEsu9HzQG16Q9lZHPcTZz1TlxtTUqW60AJvFrGvnUZbTecDj3JnI3TipX8aeqZpBDg==
  dependencies:
    "@jimp/core" "1.3.0"
    "@jimp/types" "1.3.0"
    gifwrap "^0.10.1"
    omggif "^1.0.10"

"@jimp/js-jpeg@1.3.0":
  version "1.3.0"
  resolved "https://registry.yarnpkg.com/@jimp/js-jpeg/-/js-jpeg-1.3.0.tgz#5c10730003ce15e85c1670d1c9f0db64519a8269"
  integrity sha512-SrZL35FvKsgySS5kpqYWbVsi0rswcgxw3oRTVOy55q8F045fE4U0YqlnRdkg77dxdahUOIWVhvn5+0V+Re5F5A==
  dependencies:
    "@jimp/core" "1.3.0"
    "@jimp/types" "1.3.0"
    jpeg-js "^0.4.4"

"@jimp/js-png@1.3.0":
  version "1.3.0"
  resolved "https://registry.yarnpkg.com/@jimp/js-png/-/js-png-1.3.0.tgz#ce59d2efc72a8a41455c301fd00651dad542a530"
  integrity sha512-9x8uFueVupNocQQ5WEFat61M31MdRDV7O3QBDR2iEsbVeQ1+LE9Tvvm9r1PG9W91KZYzG4IYPPsogQ0TFEixqA==
  dependencies:
    "@jimp/core" "1.3.0"
    "@jimp/types" "1.3.0"
    pngjs "^7.0.0"

"@jimp/js-tiff@1.3.0":
  version "1.3.0"
  resolved "https://registry.yarnpkg.com/@jimp/js-tiff/-/js-tiff-1.3.0.tgz#3d18254e71df37f07eb595f9307a431bbdc952c8"
  integrity sha512-uin5WkVm0M8ZgotIANXU0sfVkNApsKws1ZSqsc9NZf0MYJsZkz/w8D4ld6hXkFCEQcJ/TMu7aeMZSP+I8cbmOg==
  dependencies:
    "@jimp/core" "1.3.0"
    "@jimp/types" "1.3.0"
    utif2 "^4.1.0"

"@jimp/plugin-blit@1.3.0":
  version "1.3.0"
  resolved "https://registry.yarnpkg.com/@jimp/plugin-blit/-/plugin-blit-1.3.0.tgz#a698b970a2e9955c5621f26682a62750142c022a"
  integrity sha512-5OjEUM0jtzQ6KJBTougs8ozbUAxYyJiKZqceFb8mqKVMjuiM94N9425mIDDgOl5MDFwAESeTMIchKCAPMOv2FQ==
  dependencies:
    "@jimp/types" "1.3.0"
    "@jimp/utils" "1.3.0"
    zod "^3.23.8"

"@jimp/plugin-blur@1.3.0":
  version "1.3.0"
  resolved "https://registry.yarnpkg.com/@jimp/plugin-blur/-/plugin-blur-1.3.0.tgz#78eac8446ce2df0abad558093772bbdd4531df56"
  integrity sha512-108RHeCvHFJqpQvuaydhxwJLBwdjEWKLW6ZXWWCnCadrpKbH2yqu9P6oUhHS7atLjQ0ZBzXcM+Wj2VYR7XU8ng==
  dependencies:
    "@jimp/core" "1.3.0"
    "@jimp/utils" "1.3.0"

"@jimp/plugin-circle@1.3.0":
  version "1.3.0"
  resolved "https://registry.yarnpkg.com/@jimp/plugin-circle/-/plugin-circle-1.3.0.tgz#40f0b1efe1e3dfdb7ffd175b0a06128acc29d9dd"
  integrity sha512-Lkz1uwD2wgysuu4TDzAVQ26+urr+siYlO/qXnMYHui9k0P735S6B6EsWrzssLDGOtqevQyYcx5u6h0Kv4lzehg==
  dependencies:
    "@jimp/types" "1.3.0"
    zod "^3.23.8"

"@jimp/plugin-color@1.3.0":
  version "1.3.0"
  resolved "https://registry.yarnpkg.com/@jimp/plugin-color/-/plugin-color-1.3.0.tgz#75642323bde2eef63cf4691a301f7e04b22b0b49"
  integrity sha512-HLFtZB86W2nVnfZT+LAsyooF9efapWPmxuOKECeevunb1zHieO1ni19QXJfcqtt+cVj8UxIBGC4v9IFDJ9PGYw==
  dependencies:
    "@jimp/core" "1.3.0"
    "@jimp/types" "1.3.0"
    "@jimp/utils" "1.3.0"
    tinycolor2 "^1.6.0"
    zod "^3.23.8"

"@jimp/plugin-contain@1.3.0":
  version "1.3.0"
  resolved "https://registry.yarnpkg.com/@jimp/plugin-contain/-/plugin-contain-1.3.0.tgz#7ae1b2efe75c5138b05589e6891c4ef987d581e9"
  integrity sha512-1xPJ/CC4hh8IDrZFCtwQezw0RFzdrFvatzXkmfZD0cRyUXtYQ8VzExeK9MXLWi2+/nfufh+2SIhThTQ8xIzLBw==
  dependencies:
    "@jimp/core" "1.3.0"
    "@jimp/plugin-blit" "1.3.0"
    "@jimp/plugin-resize" "1.3.0"
    "@jimp/types" "1.3.0"
    "@jimp/utils" "1.3.0"
    zod "^3.23.8"

"@jimp/plugin-cover@1.3.0":
  version "1.3.0"
  resolved "https://registry.yarnpkg.com/@jimp/plugin-cover/-/plugin-cover-1.3.0.tgz#92818037ad62207561305aeefde1a7be0f717256"
  integrity sha512-Q8vlXepruKU+A55PS2A+d7TPwIoYthnX61ae+TQa+/4DjYk6XZA2YlmUFhq7P3RH5p288N/84ILNSIwH5YCqAw==
  dependencies:
    "@jimp/core" "1.3.0"
    "@jimp/plugin-crop" "1.3.0"
    "@jimp/plugin-resize" "1.3.0"
    "@jimp/types" "1.3.0"
    zod "^3.23.8"

"@jimp/plugin-crop@1.3.0":
  version "1.3.0"
  resolved "https://registry.yarnpkg.com/@jimp/plugin-crop/-/plugin-crop-1.3.0.tgz#210ce39c684cb0ae8f8e114e69a9468410afbfb2"
  integrity sha512-AoCTYFgcDEH+sqc2IQ5CI0CgYrQZSFfZ6q4zSXkWA+irs1nDbjJeA+0vClkYxJNSkk2wqB0fys69OBoqfDabrw==
  dependencies:
    "@jimp/core" "1.3.0"
    "@jimp/types" "1.3.0"
    "@jimp/utils" "1.3.0"
    zod "^3.23.8"

"@jimp/plugin-displace@1.3.0":
  version "1.3.0"
  resolved "https://registry.yarnpkg.com/@jimp/plugin-displace/-/plugin-displace-1.3.0.tgz#53d9c8f8017c7c96fea9a3fe96079e99d4ca7cfb"
  integrity sha512-8t/R0SjE7YWujeMLbUT2js9WIeyFbeQXxAiCPt4AJy1BUD56sbcWIx1zJzrL52eF+bG4AS8oLOp5arL+P7ocmQ==
  dependencies:
    "@jimp/types" "1.3.0"
    "@jimp/utils" "1.3.0"
    zod "^3.23.8"

"@jimp/plugin-dither@1.3.0":
  version "1.3.0"
  resolved "https://registry.yarnpkg.com/@jimp/plugin-dither/-/plugin-dither-1.3.0.tgz#3f5cb9c5fac2bf4c7bd49a0874ecbbde2bec5752"
  integrity sha512-oE6kHne88OOcJBu+fk9KvMMB71UZUO4B2YYoaHVjGbtciPG9FbBBGqgD9oULVWhHuICZdDnfgFF0hhemQuQloQ==
  dependencies:
    "@jimp/types" "1.3.0"

"@jimp/plugin-fisheye@1.3.0":
  version "1.3.0"
  resolved "https://registry.yarnpkg.com/@jimp/plugin-fisheye/-/plugin-fisheye-1.3.0.tgz#d44207f2d23b25bbacbeef4c931bfff8ed286b9f"
  integrity sha512-VLaqY/IxrqHyjKeWpUwJZpAqug4DE26hM/8ejfPm5FmofAS1dI0deecDfbthRbw17hnPVcAiTkZ6QTiQL71Z4w==
  dependencies:
    "@jimp/types" "1.3.0"
    "@jimp/utils" "1.3.0"
    zod "^3.23.8"

"@jimp/plugin-flip@1.3.0":
  version "1.3.0"
  resolved "https://registry.yarnpkg.com/@jimp/plugin-flip/-/plugin-flip-1.3.0.tgz#bf0a9d449e4646a4b52a9b21494565a501e6beff"
  integrity sha512-cHeefBsjBYLbjqq8TFJHQD/6sgJLvb6XPdB8wVvKe682Y8jIilxlEhZJeUFXwsMrKKhbXNZxmtSc/pEIYCo6cA==
  dependencies:
    "@jimp/types" "1.3.0"
    zod "^3.23.8"

"@jimp/plugin-hash@1.3.0":
  version "1.3.0"
  resolved "https://registry.yarnpkg.com/@jimp/plugin-hash/-/plugin-hash-1.3.0.tgz#be5366e222fb2a919bacb4900b8b7bb6f099f593"
  integrity sha512-LAUi9FFT3Kp2bI2hWXQ75t1pl6q6ZyKH/jJQZg8DPL+fFK0//TIsw/g0VxW5lZoV3mHUUorQlsZzWtNi/DGtWA==
  dependencies:
    "@jimp/core" "1.3.0"
    "@jimp/js-bmp" "1.3.0"
    "@jimp/js-jpeg" "1.3.0"
    "@jimp/js-png" "1.3.0"
    "@jimp/js-tiff" "1.3.0"
    "@jimp/plugin-color" "1.3.0"
    "@jimp/plugin-resize" "1.3.0"
    "@jimp/types" "1.3.0"
    "@jimp/utils" "1.3.0"
    any-base "^1.1.0"

"@jimp/plugin-mask@1.3.0":
  version "1.3.0"
  resolved "https://registry.yarnpkg.com/@jimp/plugin-mask/-/plugin-mask-1.3.0.tgz#13dc04f8c71aa19655607bf8c9b7927ca8d12999"
  integrity sha512-fpU6rZ75c1gD6/8zsiPQW57+doX3KfexZ3lVYToyd720HPO/qfG9lzwfY30tJVXArI4DMbG8qN7lXKgGeWwGqw==
  dependencies:
    "@jimp/types" "1.3.0"
    zod "^3.23.8"

"@jimp/plugin-print@1.3.0":
  version "1.3.0"
  resolved "https://registry.yarnpkg.com/@jimp/plugin-print/-/plugin-print-1.3.0.tgz#cb5770385381e9e1386bb45078116ba96f813966"
  integrity sha512-WeN35Fo9Bushm6VGUdQXqXrVIFDYECeKLKN+LlAqQ/YnIlUiTirPlcyGHzEBKD8uXDCmjBYqxwadcPvRDVwFEw==
  dependencies:
    "@jimp/core" "1.3.0"
    "@jimp/js-jpeg" "1.3.0"
    "@jimp/js-png" "1.3.0"
    "@jimp/plugin-blit" "1.3.0"
    "@jimp/types" "1.3.0"
    parse-bmfont-ascii "^1.0.6"
    parse-bmfont-binary "^1.0.6"
    parse-bmfont-xml "^1.1.6"
    simple-xml-to-json "^1.2.2"
    zod "^3.23.8"

"@jimp/plugin-quantize@1.3.0":
  version "1.3.0"
  resolved "https://registry.yarnpkg.com/@jimp/plugin-quantize/-/plugin-quantize-1.3.0.tgz#7b5acbfcc35db3a92d49f633d4092537afdc6f26"
  integrity sha512-4Hgp5UNN8DGeX1ULNANPwlHCyuaZYZPJ/mpe/lnCN4jLI/SeBzR4g8tU+srNF6arPwRXrLNQV6T/ehAa7zhbkg==
  dependencies:
    image-q "^4.0.0"
    zod "^3.23.8"

"@jimp/plugin-resize@1.3.0":
  version "1.3.0"
  resolved "https://registry.yarnpkg.com/@jimp/plugin-resize/-/plugin-resize-1.3.0.tgz#9fc0232f46161d733efc26388e4f8863e95e01f1"
  integrity sha512-9fMw6ff/3kzDwQ2rGNYCJ2jc9IHsxQh9eaoPb4SkVHxzq+O3yka3M2Vjf41gaYhQ5Pt5QLgQ9uYUA+2kp1RF1g==
  dependencies:
    "@jimp/core" "1.3.0"
    "@jimp/types" "1.3.0"
    zod "^3.23.8"

"@jimp/plugin-rotate@1.3.0":
  version "1.3.0"
  resolved "https://registry.yarnpkg.com/@jimp/plugin-rotate/-/plugin-rotate-1.3.0.tgz#3c911022fb49d147ece04a0d54fa2150f6632bd4"
  integrity sha512-lpzk37tzk7b5RG5U6P/E3vk+bwU86TnNZOc1LHQeTOEpfFAPMTJl6w+OlLLxVNJ7HUQege/8P47N2onQX00wXw==
  dependencies:
    "@jimp/core" "1.3.0"
    "@jimp/plugin-crop" "1.3.0"
    "@jimp/plugin-resize" "1.3.0"
    "@jimp/types" "1.3.0"
    "@jimp/utils" "1.3.0"
    zod "^3.23.8"

"@jimp/plugin-threshold@1.3.0":
  version "1.3.0"
  resolved "https://registry.yarnpkg.com/@jimp/plugin-threshold/-/plugin-threshold-1.3.0.tgz#92cbd9ca5d3899bf66cd4dd7dcab73e52a2c4f3c"
  integrity sha512-lKBzZEgjI/zM51/muGyL2juGEkK361/yFpRcmjafIijq0sHNww1rhqSa0AhO80iCmN77A4Ym/oelY0qh4mtlLQ==
  dependencies:
    "@jimp/core" "1.3.0"
    "@jimp/plugin-color" "1.3.0"
    "@jimp/plugin-hash" "1.3.0"
    "@jimp/types" "1.3.0"
    "@jimp/utils" "1.3.0"
    zod "^3.23.8"

"@jimp/types@1.3.0":
  version "1.3.0"
  resolved "https://registry.yarnpkg.com/@jimp/types/-/types-1.3.0.tgz#81ce5069c3a86ac9b9793e385c7c1c36cba97025"
  integrity sha512-K4RaTmDTqZqbjjwOtxzVH9QyCgQBukXjKOmdgNuCmu7ugrpeTeWV7SvrwZZPhTt31lmja8A3a3Dw1ScVZdtmyA==
  dependencies:
    zod "^3.23.8"

"@jimp/utils@1.3.0":
  version "1.3.0"
  resolved "https://registry.yarnpkg.com/@jimp/utils/-/utils-1.3.0.tgz#7e5ed59db5af7b5d146787df36eeb98faf3eabef"
  integrity sha512-QIye6IWJaQ3Q9+6rxgQiFI1I7MwrQZYxlhYhPolJv+BfCXBT8XWJymV8J75vlnjvz3kN2AMXAEU7c7w0h2Tz3Q==
  dependencies:
    "@jimp/types" "1.3.0"
    tinycolor2 "^1.6.0"

"@tokenizer/token@^0.3.0":
  version "0.3.0"
  resolved "https://registry.yarnpkg.com/@tokenizer/token/-/token-0.3.0.tgz#fe98a93fe789247e998c75e74e9c7c63217aa276"
  integrity sha512-OvjF+z51L3ov0OyAU0duzsYuvO01PH7x4t6DJx+guahgTnBHkhJdG7soQeTSFLWN3efnHyibZ4Z8l2EuWwJN3A==

"@types/node@16.9.1":
  version "16.9.1"
  resolved "https://registry.yarnpkg.com/@types/node/-/node-16.9.1.tgz#0611b37db4246c937feef529ddcc018cf8e35708"
  integrity sha512-QpLcX9ZSsq3YYUUnD3nFDY8H7wctAhQj/TFKL8Ya8v5fMm3CFXxo8zStsLAl780ltoYoo1WvKUVGBQK+1ifr7g==

any-base@^1.1.0:
  version "1.1.0"
  resolved "https://registry.yarnpkg.com/any-base/-/any-base-1.1.0.tgz#ae101a62bc08a597b4c9ab5b7089d456630549fe"
  integrity sha512-uMgjozySS8adZZYePpaWs8cxB9/kdzmpX6SgJZ+wbz1K5eYk5QMYDVJaZKhxyIHUdnnJkfR7SVgStgH7LkGUyg==

await-to-js@^3.0.0:
  version "3.0.0"
  resolved "https://registry.yarnpkg.com/await-to-js/-/await-to-js-3.0.0.tgz#70929994185616f4675a91af6167eb61cc92868f"
  integrity sha512-zJAaP9zxTcvTHRlejau3ZOY4V7SRpiByf3/dxx2uyKxxor19tpmpV2QRsTKikckwhaPmr2dVpxxMr7jOCYVp5g==

bmp-ts@^1.0.9:
  version "1.0.9"
  resolved "https://registry.yarnpkg.com/bmp-ts/-/bmp-ts-1.0.9.tgz#0fd124ba812be9b786b29e5b186ee76d74ff5538"
  integrity sha512-cTEHk2jLrPyi+12M3dhpEbnnPOsaZuq7C45ylbbQIiWgDFZq4UVYPEY5mlqjvsj/6gJv9qX5sa+ebDzLXT28Vw==

exif-parser@^0.1.12:
  version "0.1.12"
  resolved "https://registry.yarnpkg.com/exif-parser/-/exif-parser-0.1.12.tgz#58a9d2d72c02c1f6f02a0ef4a9166272b7760922"
  integrity sha512-c2bQfLNbMzLPmzQuOr8fy0csy84WmwnER81W88DzTp9CYNPJ6yzOj2EZAh9pywYpqHnshVLHQJ8WzldAyfY+Iw==

file-type@^16.0.0:
  version "16.5.4"
  resolved "https://registry.yarnpkg.com/file-type/-/file-type-16.5.4.tgz#474fb4f704bee427681f98dd390058a172a6c2fd"
  integrity sha512-/yFHK0aGjFEgDJjEKP0pWCplsPFPhwyfwevf/pVxiN0tmE4L9LmwWxWukdJSHdoCli4VgQLehjJtwQBnqmsKcw==
  dependencies:
    readable-web-to-node-stream "^3.0.0"
    strtok3 "^6.2.4"
    token-types "^4.1.1"

gifwrap@^0.10.1:
  version "0.10.1"
  resolved "https://registry.yarnpkg.com/gifwrap/-/gifwrap-0.10.1.tgz#9ed46a5d51913b482d4221ce9c727080260b681e"
  integrity sha512-2760b1vpJHNmLzZ/ubTtNnEx5WApN/PYWJvXvgS+tL1egTTthayFYIQQNi136FLEDcN/IyEY2EcGpIITD6eYUw==
  dependencies:
    image-q "^4.0.0"
    omggif "^1.0.10"

ieee754@^1.2.1:
  version "1.2.1"
  resolved "https://registry.yarnpkg.com/ieee754/-/ieee754-1.2.1.tgz#8eb7a10a63fff25d15a57b001586d177d1b0d352"
  integrity sha512-dcyqhDvX1C46lXZcVqCpK+FtMRQVdIMN6/Df5js2zouUsqG7I6sFxitIC+7KYK29KdXOLHdu9zL4sFnoVQnqaA==

image-q@^4.0.0:
  version "4.0.0"
  resolved "https://registry.yarnpkg.com/image-q/-/image-q-4.0.0.tgz#31e075be7bae3c1f42a85c469b4732c358981776"
  integrity sha512-PfJGVgIfKQJuq3s0tTDOKtztksibuUEbJQIYT3by6wctQo+Rdlh7ef4evJ5NCdxY4CfMbvFkocEwbl4BF8RlJw==
  dependencies:
    "@types/node" "16.9.1"

inherits@^2.0.3:
  version "2.0.4"
  resolved "https://registry.yarnpkg.com/inherits/-/inherits-2.0.4.tgz#0fa2c64f932917c3433a0ded55363aae37416b7c"
  integrity sha512-k/vGaX4/Yla3WzyMCvTQOXYeIHvqOKtnqBduzTHpzpQZzAskKMhZ2K+EnBiSM9zGSoIFeMpXKxa4dYeZIQqewQ==

jimp@1.3.0:
  version "1.3.0"
  resolved "https://registry.yarnpkg.com/jimp/-/jimp-1.3.0.tgz#0c403f78902d00fa09efe739148673ff0fd5c5cd"
  integrity sha512-eJnVMuqDQ545taNLp13gVZynnoOvE0xZ2Oti9alkld47dNhmFHBmFTBMTYaZr7zceGTf54RGdr7C4d2WUNwc0g==
  dependencies:
    "@jimp/core" "1.3.0"
    "@jimp/diff" "1.3.0"
    "@jimp/js-bmp" "1.3.0"
    "@jimp/js-gif" "1.3.0"
    "@jimp/js-jpeg" "1.3.0"
    "@jimp/js-png" "1.3.0"
    "@jimp/js-tiff" "1.3.0"
    "@jimp/plugin-blit" "1.3.0"
    "@jimp/plugin-blur" "1.3.0"
    "@jimp/plugin-circle" "1.3.0"
    "@jimp/plugin-color" "1.3.0"
    "@jimp/plugin-contain" "1.3.0"
    "@jimp/plugin-cover" "1.3.0"
    "@jimp/plugin-crop" "1.3.0"
    "@jimp/plugin-displace" "1.3.0"
    "@jimp/plugin-dither" "1.3.0"
    "@jimp/plugin-fisheye" "1.3.0"
    "@jimp/plugin-flip" "1.3.0"
    "@jimp/plugin-hash" "1.3.0"
    "@jimp/plugin-mask" "1.3.0"
    "@jimp/plugin-print" "1.3.0"
    "@jimp/plugin-quantize" "1.3.0"
    "@jimp/plugin-resize" "1.3.0"
    "@jimp/plugin-rotate" "1.3.0"
    "@jimp/plugin-threshold" "1.3.0"
    "@jimp/types" "1.3.0"
    "@jimp/utils" "1.3.0"

jpeg-js@^0.4.4:
  version "0.4.4"
  resolved "https://registry.yarnpkg.com/jpeg-js/-/jpeg-js-0.4.4.tgz#a9f1c6f1f9f0fa80cdb3484ed9635054d28936aa"
  integrity sha512-WZzeDOEtTOBK4Mdsar0IqEU5sMr3vSV2RqkAIzUEV2BHnUfKGyswWFPFwK5EeDo93K3FohSHbLAjj0s1Wzd+dg==

mime@3:
  version "3.0.0"
  resolved "https://registry.yarnpkg.com/mime/-/mime-3.0.0.tgz#b374550dca3a0c18443b0c950a6a58f1931cf7a7"
  integrity sha512-jSCU7/VB1loIWBZe14aEYHU/+1UMEHoaO7qxCOVJOw9GgH72VAWppxNcjU+x9a2k3GSIBXNKxXQFqRvvZ7vr3A==

omggif@^1.0.10:
  version "1.0.10"
  resolved "https://registry.yarnpkg.com/omggif/-/omggif-1.0.10.tgz#ddaaf90d4a42f532e9e7cb3a95ecdd47f17c7b19"
  integrity sha512-LMJTtvgc/nugXj0Vcrrs68Mn2D1r0zf630VNtqtpI1FEO7e+O9FP4gqs9AcnBaSEeoHIPm28u6qgPR0oyEpGSw==

pako@^1.0.11:
  version "1.0.11"
  resolved "https://registry.yarnpkg.com/pako/-/pako-1.0.11.tgz#6c9599d340d54dfd3946380252a35705a6b992bf"
  integrity sha512-4hLB8Py4zZce5s4yd9XzopqwVv/yGNhV1Bl8NTmCq1763HeK2+EwVTv+leGeL13Dnh2wfbqowVPXCIO0z4taYw==

parse-bmfont-ascii@^1.0.6:
  version "1.0.6"
  resolved "https://registry.yarnpkg.com/parse-bmfont-ascii/-/parse-bmfont-ascii-1.0.6.tgz#11ac3c3ff58f7c2020ab22769079108d4dfa0285"
  integrity sha512-U4RrVsUFCleIOBsIGYOMKjn9PavsGOXxbvYGtMOEfnId0SVNsgehXh1DxUdVPLoxd5mvcEtvmKs2Mmf0Mpa1ZA==

parse-bmfont-binary@^1.0.6:
  version "1.0.6"
  resolved "https://registry.yarnpkg.com/parse-bmfont-binary/-/parse-bmfont-binary-1.0.6.tgz#d038b476d3e9dd9db1e11a0b0e53a22792b69006"
  integrity sha512-GxmsRea0wdGdYthjuUeWTMWPqm2+FAd4GI8vCvhgJsFnoGhTrLhXDDupwTo7rXVAgaLIGoVHDZS9p/5XbSqeWA==

parse-bmfont-xml@^1.1.6:
  version "1.1.6"
  resolved "https://registry.yarnpkg.com/parse-bmfont-xml/-/parse-bmfont-xml-1.1.6.tgz#016b655da7aebe6da38c906aca16bf0415773767"
  integrity sha512-0cEliVMZEhrFDwMh4SxIyVJpqYoOWDJ9P895tFuS+XuNzI5UBmBk5U5O4KuJdTnZpSBI4LFA2+ZiJaiwfSwlMA==
  dependencies:
    xml-parse-from-string "^1.0.0"
    xml2js "^0.5.0"

peek-readable@^4.1.0:
  version "4.1.0"
  resolved "https://registry.yarnpkg.com/peek-readable/-/peek-readable-4.1.0.tgz#4ece1111bf5c2ad8867c314c81356847e8a62e72"
  integrity sha512-ZI3LnwUv5nOGbQzD9c2iDG6toheuXSZP5esSHBjopsXH4dg19soufvpUGA3uohi5anFtGb2lhAVdHzH6R/Evvg==

pixelmatch@^5.3.0:
  version "5.3.0"
  resolved "https://registry.yarnpkg.com/pixelmatch/-/pixelmatch-5.3.0.tgz#5e5321a7abedfb7962d60dbf345deda87cb9560a"
  integrity sha512-o8mkY4E/+LNUf6LzX96ht6k6CEDi65k9G2rjMtBe9Oo+VPKSvl+0GKHuH/AlG+GA5LPG/i5hrekkxUc3s2HU+Q==
  dependencies:
    pngjs "^6.0.0"

pngjs@^6.0.0:
  version "6.0.0"
  resolved "https://registry.yarnpkg.com/pngjs/-/pngjs-6.0.0.tgz#ca9e5d2aa48db0228a52c419c3308e87720da821"
  integrity sha512-TRzzuFRRmEoSW/p1KVAmiOgPco2Irlah+bGFCeNfJXxxYGwSw7YwAOAcd7X28K/m5bjBWKsC29KyoMfHbypayg==

pngjs@^7.0.0:
  version "7.0.0"
  resolved "https://registry.yarnpkg.com/pngjs/-/pngjs-7.0.0.tgz#a8b7446020ebbc6ac739db6c5415a65d17090e26"
  integrity sha512-LKWqWJRhstyYo9pGvgor/ivk2w94eSjE3RGVuzLGlr3NmD8bf7RcYGze1mNdEHRP6TRP6rMuDHk5t44hnTRyow==

readable-stream@^3.6.0:
  version "3.6.2"
  resolved "https://registry.yarnpkg.com/readable-stream/-/readable-stream-3.6.2.tgz#56a9b36ea965c00c5a93ef31eb111a0f11056967"
  integrity sha512-9u/sniCrY3D5WdsERHzHE4G2YCXqoG5FTHUiCC4SIbr6XcLZBY05ya9EKjYek9O5xOAwjGq+1JdGBAS7Q9ScoA==
  dependencies:
    inherits "^2.0.3"
    string_decoder "^1.1.1"
    util-deprecate "^1.0.1"

readable-web-to-node-stream@^3.0.0:
  version "3.0.2"
  resolved "https://registry.yarnpkg.com/readable-web-to-node-stream/-/readable-web-to-node-stream-3.0.2.tgz#5d52bb5df7b54861fd48d015e93a2cb87b3ee0bb"
  integrity sha512-ePeK6cc1EcKLEhJFt/AebMCLL+GgSKhuygrZ/GLaKZYEecIgIECf4UaUuaByiGtzckwR4ain9VzUh95T1exYGw==
  dependencies:
    readable-stream "^3.6.0"

safe-buffer@~5.2.0:
  version "5.2.1"
  resolved "https://registry.yarnpkg.com/safe-buffer/-/safe-buffer-5.2.1.tgz#1eaf9fa9bdb1fdd4ec75f58f9cdb4e6b7827eec6"
  integrity sha512-rp3So07KcdmmKbGvgaNxQSJr7bGVSVk5S9Eq1F+ppbRo70+YeaDxkw5Dd8NPN+GD6bjnYm2VuPuCXmpuYvmCXQ==

sax@>=0.6.0:
  version "1.2.4"
  resolved "https://registry.yarnpkg.com/sax/-/sax-1.2.4.tgz#2816234e2378bddc4e5354fab5caa895df7100d9"
  integrity sha512-NqVDv9TpANUjFm0N8uM5GxL36UgKi9/atZw+x7YFnQ8ckwFGKrl4xX4yWtrey3UJm5nP1kUbnYgLopqWNSRhWw==

simple-xml-to-json@^1.2.2:
  version "1.2.2"
  resolved "https://registry.yarnpkg.com/simple-xml-to-json/-/simple-xml-to-json-1.2.2.tgz#204c111683ffd098582b1019cf86e07b18955acf"
  integrity sha512-bmJJf5YiYL60eOQk3gaVxbM6vgYuwrFydCEAA2x3jccHUTsAffiPyblS/yQGr8GDUQVxSDm3WwLNL5HmRqDUcg==

string_decoder@^1.1.1:
  version "1.3.0"
  resolved "https://registry.yarnpkg.com/string_decoder/-/string_decoder-1.3.0.tgz#42f114594a46cf1a8e30b0a84f56c78c3edac21e"
  integrity sha512-hkRX8U1WjJFd8LsDJ2yQ/wWWxaopEsABU1XfkM8A+j0+85JAGppt16cr1Whg6KIbb4okU6Mql6BOj+uup/wKeA==
  dependencies:
    safe-buffer "~5.2.0"

strtok3@^6.2.4:
  version "6.3.0"
  resolved "https://registry.yarnpkg.com/strtok3/-/strtok3-6.3.0.tgz#358b80ffe6d5d5620e19a073aa78ce947a90f9a0"
  integrity sha512-fZtbhtvI9I48xDSywd/somNqgUHl2L2cstmXCCif0itOf96jeW18MBSyrLuNicYQVkvpOxkZtkzujiTJ9LW5Jw==
  dependencies:
    "@tokenizer/token" "^0.3.0"
    peek-readable "^4.1.0"

tinycolor2@^1.6.0:
  version "1.6.0"
  resolved "https://registry.yarnpkg.com/tinycolor2/-/tinycolor2-1.6.0.tgz#f98007460169b0263b97072c5ae92484ce02d09e"
  integrity sha512-XPaBkWQJdsf3pLKJV9p4qN/S+fm2Oj8AIPo1BTUhg5oxkvm9+SVEGFdhyOz7tTdUTfvxMiAs4sp6/eZO2Ew+pw==

token-types@^4.1.1:
  version "4.2.1"
  resolved "https://registry.yarnpkg.com/token-types/-/token-types-4.2.1.tgz#0f897f03665846982806e138977dbe72d44df753"
  integrity sha512-6udB24Q737UD/SDsKAHI9FCRP7Bqc9D/MQUV02ORQg5iskjtLJlZJNdN4kKtcdtwCeWIwIHDGaUsTsCCAa8sFQ==
  dependencies:
    "@tokenizer/token" "^0.3.0"
    ieee754 "^1.2.1"

utif2@^4.1.0:
  version "4.1.0"
  resolved "https://registry.yarnpkg.com/utif2/-/utif2-4.1.0.tgz#e768d37bd619b995d56d9780b5d2b4611a3d932b"
  integrity sha512-+oknB9FHrJ7oW7A2WZYajOcv4FcDR4CfoGB0dPNfxbi4GO05RRnFmt5oa23+9w32EanrYcSJWspUiJkLMs+37w==
  dependencies:
    pako "^1.0.11"

util-deprecate@^1.0.1:
  version "1.0.2"
  resolved "https://registry.yarnpkg.com/util-deprecate/-/util-deprecate-1.0.2.tgz#450d4dc9fa70de732762fbd2d4a28981419a0ccf"
  integrity sha512-EPD5q1uXyFxJpCrLnCc1nHnq3gOa6DZBocAIiI2TaSCA7VCJ1UJDMagCzIkXNsUYfD1daK//LTEQ8xiIbrHtcw==

xml-parse-from-string@^1.0.0:
  version "1.0.1"
  resolved "https://registry.yarnpkg.com/xml-parse-from-string/-/xml-parse-from-string-1.0.1.tgz#a9029e929d3dbcded169f3c6e28238d95a5d5a28"
  integrity sha512-ErcKwJTF54uRzzNMXq2X5sMIy88zJvfN2DmdoQvy7PAFJ+tPRU6ydWuOKNMyfmOjdyBQTFREi60s0Y0SyI0G0g==

xml2js@^0.5.0:
  version "0.5.0"
  resolved "https://registry.yarnpkg.com/xml2js/-/xml2js-0.5.0.tgz#d9440631fbb2ed800203fad106f2724f62c493b7"
  integrity sha512-drPFnkQJik/O+uPKpqSgr22mpuFHqKdbS835iAQrUC73L2F5WkboIRd63ai/2Yg6I1jzifPFKH2NTK+cfglkIA==
  dependencies:
    sax ">=0.6.0"
    xmlbuilder "~11.0.0"

xmlbuilder@~11.0.0:
  version "11.0.1"
  resolved "https://registry.yarnpkg.com/xmlbuilder/-/xmlbuilder-11.0.1.tgz#be9bae1c8a046e76b31127726347d0ad7002beb3"
  integrity sha512-fDlsI/kFEx7gLvbecc0/ohLG50fugQp8ryHzMTuW9vSa1GJ0XYWKnhsUx7oie3G98+r56aTQIUB4kht42R3JvA==

zod@^3.23.8:
  version "3.23.8"
  resolved "https://registry.yarnpkg.com/zod/-/zod-3.23.8.tgz#e37b957b5d52079769fb8097099b592f0ef4067d"
  integrity sha512-XBx9AXhXktjUqnepgTiE5flcKIYWi/rme0Eaj+5Y0lftuGBq+jyRu/md4WnuxqgP1ubdpNCsYEYPxrzVHD8d6g==
