# THIS IS AN AUTOGENERATED FILE. DO NOT EDIT THIS FILE DIRECTLY.
# yarn lockfile v1


"@jimp/core@1.1.1":
  version "1.1.1"
  resolved "https://registry.yarnpkg.com/@jimp/core/-/core-1.1.1.tgz#1080455a0fa64f3643264a7939e9f0417d6ae91c"
  integrity sha512-u0AvrO45cfSeXyTpfj6s3mxDJGA5SlfEMdlvWLWi5aSm14/DRVd60exvt5vGrAHA+FALIEZ6R17341OHHy0tVg==
  dependencies:
    "@jimp/file-ops" "1.1.1"
    "@jimp/types" "1.1.1"
    "@jimp/utils" "1.1.1"
    await-to-js "^3.0.0"
    exif-parser "^0.1.12"
    file-type "^16.0.0"
    mime "3"

"@jimp/diff@1.1.1":
  version "1.1.1"
  resolved "https://registry.yarnpkg.com/@jimp/diff/-/diff-1.1.1.tgz#0e441dc70dbd4f53ed69d275879478e648e07350"
  integrity sha512-nCDeQORAgbII+Qw/9sp7Gzg+w+XOuWsQULd+bTE+UpxL6ikJW+6y4vu2BZLkW8dvhNAEyreAEEZfMziTsQs+Og==
  dependencies:
    "@jimp/plugin-resize" "1.1.1"
    "@jimp/types" "1.1.1"
    "@jimp/utils" "1.1.1"
    pixelmatch "^5.3.0"

"@jimp/file-ops@1.1.1":
  version "1.1.1"
  resolved "https://registry.yarnpkg.com/@jimp/file-ops/-/file-ops-1.1.1.tgz#2139550862bd444c630c66451ed098015a41ba18"
  integrity sha512-pnCSe/eX65SaWHi5W2x6oL5WVWWr6RsLpHafkjRUuEUE86eTNHVB/TGN0TRkH65MNzK5VRtBBZKkAhaDCPrVIQ==

"@jimp/js-bmp@1.1.1":
  version "1.1.1"
  resolved "https://registry.yarnpkg.com/@jimp/js-bmp/-/js-bmp-1.1.1.tgz#4d0922b5cab4521c077224dce53c8ef2533e1e82"
  integrity sha512-BCunKEq47b/AzZcqdkqqgjxaHX1qy3hgcNV5jh9asDPxa8RUrcwJCDo1Tk8TnqAqVujeXX2KZ4Ltt+x3yrMYYA==
  dependencies:
    "@jimp/core" "1.1.1"
    "@jimp/types" "1.1.1"
    "@jimp/utils" "1.1.1"
    bmp-ts "^1.0.9"

"@jimp/js-gif@1.1.1":
  version "1.1.1"
  resolved "https://registry.yarnpkg.com/@jimp/js-gif/-/js-gif-1.1.1.tgz#3ce30b97a051d4a7dbc175c9fb6c055042233ac1"
  integrity sha512-IzhWSJOLIF24aTOwM6SZIusxNsae2NyMWxTW9H/QFlSGBFGu7hIs2iKtP5ieGKuDycfAYq2D9mqhXrX9v2PqJA==
  dependencies:
    "@jimp/core" "1.1.1"
    "@jimp/types" "1.1.1"
    gifwrap "^0.10.1"
    omggif "^1.0.10"

"@jimp/js-jpeg@1.1.1":
  version "1.1.1"
  resolved "https://registry.yarnpkg.com/@jimp/js-jpeg/-/js-jpeg-1.1.1.tgz#e38fb1c4fbc9baad2e2242599329aea14cb90bf6"
  integrity sha512-r3YgBlllaITdDOhxiY3PlXcKdocaEuU1iahsY62KdV5I2RdfbU01g9MA1E1SRAJaB3PgYmVnOdWaRBO3aygVUA==
  dependencies:
    "@jimp/core" "1.1.1"
    "@jimp/types" "1.1.1"
    jpeg-js "^0.4.4"

"@jimp/js-png@1.1.1":
  version "1.1.1"
  resolved "https://registry.yarnpkg.com/@jimp/js-png/-/js-png-1.1.1.tgz#7cd88a066d3c5e24f45393418e23881425c14e68"
  integrity sha512-eI9zXphq2wyDk/e+Y6VgJGjncQV4qBFcueLr3a3JGX5aNCzAN4S1oh7vO4oWaRlq1VxbFwpBj6hUAZOW3oL7bw==
  dependencies:
    "@jimp/core" "1.1.1"
    "@jimp/types" "1.1.1"
    pngjs "^7.0.0"

"@jimp/js-tiff@1.1.1":
  version "1.1.1"
  resolved "https://registry.yarnpkg.com/@jimp/js-tiff/-/js-tiff-1.1.1.tgz#f1bc01d450c1680b86e37dd6175321328c0e1f95"
  integrity sha512-vQiqF2Tt777oLUWd4pGE/u4d8SrtgPk7f92BibFSxArIjqfhgGLX+Yj4lkGJDSNNXy2eFJodSc5amrJsEaFV+w==
  dependencies:
    "@jimp/core" "1.1.1"
    "@jimp/types" "1.1.1"
    utif2 "^4.1.0"

"@jimp/plugin-blit@1.1.1":
  version "1.1.1"
  resolved "https://registry.yarnpkg.com/@jimp/plugin-blit/-/plugin-blit-1.1.1.tgz#1963ad0e648094464cb5c2e74b2d7888196178ce"
  integrity sha512-0TJxk8MMblSy8yoL+mjg1Iejjmfs9XPJPwadijlstvmjAug+/apXjZsu5aOFr7q+XncK5AcqZAHEFImKyIX6Cg==
  dependencies:
    "@jimp/types" "1.1.1"
    "@jimp/utils" "1.1.1"
    zod "^3.22.4"

"@jimp/plugin-blur@1.1.1":
  version "1.1.1"
  resolved "https://registry.yarnpkg.com/@jimp/plugin-blur/-/plugin-blur-1.1.1.tgz#561f81b36f00c7ceed4a6bfe35c41f97d4ecf8cf"
  integrity sha512-3Cx1ErRv83qOUyhUA97bCCcCFb6wg0f2I7ZJ3c2hM0PiVYzqGmPBhtaKXXBA9/w0d/Msf3VKpgnyXEMPZoR8rA==
  dependencies:
    "@jimp/types" "1.1.1"

"@jimp/plugin-circle@1.1.1":
  version "1.1.1"
  resolved "https://registry.yarnpkg.com/@jimp/plugin-circle/-/plugin-circle-1.1.1.tgz#cd24757092ef10051790cf75209b382ca4bebf0f"
  integrity sha512-/DH3p+oPbKDX4Z505p/zuYMnnZXbp45m94ogj4Xo/hnQk6bVJjJotKcMM9DLtRQqVpwtn7yh87FPidjB/SvEYg==
  dependencies:
    "@jimp/types" "1.1.1"
    zod "^3.22.4"

"@jimp/plugin-color@1.1.1":
  version "1.1.1"
  resolved "https://registry.yarnpkg.com/@jimp/plugin-color/-/plugin-color-1.1.1.tgz#283efd5b5a5e0e6f92e70f87bd6fe81f93d4c472"
  integrity sha512-GvxpDPhtbk/YhIRKR9YDnyne6fiTM6pEEcllzqlDEBuaTYSU6tLBuZXABMSceO+mpCMAtjB72kM4xlyz2jPUWQ==
  dependencies:
    "@jimp/core" "1.1.1"
    "@jimp/types" "1.1.1"
    "@jimp/utils" "1.1.1"
    tinycolor2 "^1.6.0"
    zod "^3.22.4"

"@jimp/plugin-contain@1.1.1":
  version "1.1.1"
  resolved "https://registry.yarnpkg.com/@jimp/plugin-contain/-/plugin-contain-1.1.1.tgz#1b60e5bbf5f01630769c98c71b2ec6143ec36f83"
  integrity sha512-Eh9Uui6wOuNTGS6F9tN7TCmVE/umDcSyeHBTIwWh8amAW/Us9ZbhVy8cE664BiTy6c/ENjh2KtAvDOFquGaTGA==
  dependencies:
    "@jimp/core" "1.1.1"
    "@jimp/plugin-blit" "1.1.1"
    "@jimp/plugin-resize" "1.1.1"
    "@jimp/types" "1.1.1"
    "@jimp/utils" "1.1.1"
    zod "^3.22.4"

"@jimp/plugin-cover@1.1.1":
  version "1.1.1"
  resolved "https://registry.yarnpkg.com/@jimp/plugin-cover/-/plugin-cover-1.1.1.tgz#a4262a3200cb0cd4b8e3202ba86c0d41365289e8"
  integrity sha512-0vJfPa75/VvHWSci5eZ76wXDI0enUTBPipzKqnLnm1nimAFeJsM7cqOpcQzBb2cRtOOI3IQonJc/4x0YDCcpxg==
  dependencies:
    "@jimp/core" "1.1.1"
    "@jimp/plugin-crop" "1.1.1"
    "@jimp/plugin-resize" "1.1.1"
    "@jimp/types" "1.1.1"
    zod "^3.22.4"

"@jimp/plugin-crop@1.1.1":
  version "1.1.1"
  resolved "https://registry.yarnpkg.com/@jimp/plugin-crop/-/plugin-crop-1.1.1.tgz#d63d25dab5742acd9274278a9dd7cc3b485f7b62"
  integrity sha512-QHchRlHsVriS8kWNupqvZ/U7uFcOUQSMQj6BqYTKh61s9XHq1oBYe48b7Cbnm9RXHXJj5Ob9QN/9tOKJIaR9nQ==
  dependencies:
    "@jimp/core" "1.1.1"
    "@jimp/types" "1.1.1"
    "@jimp/utils" "1.1.1"
    zod "^3.22.4"

"@jimp/plugin-displace@1.1.1":
  version "1.1.1"
  resolved "https://registry.yarnpkg.com/@jimp/plugin-displace/-/plugin-displace-1.1.1.tgz#9c9193d5cca909847b79c4b69967d55c6cfdab4b"
  integrity sha512-gFtftpPVdUIN/T/QD4XLyOXa792ESPlvBk0rqoeOC8iRHttnH/WccRH1dPUvXM2M6h9R/FmZZF2KeA2wB3WN6w==
  dependencies:
    "@jimp/types" "1.1.1"
    "@jimp/utils" "1.1.1"
    zod "^3.22.4"

"@jimp/plugin-dither@1.1.1":
  version "1.1.1"
  resolved "https://registry.yarnpkg.com/@jimp/plugin-dither/-/plugin-dither-1.1.1.tgz#783b7bd8054cc6b35317e69ef8f673aa3d7c87c4"
  integrity sha512-/YFasqVlwhnYCQ1m2o1HMzOsyCedleT+WwzQnzQPoqV/OVszXGz/wHuo1LfBpDAnBXDHfcBq4y7ktOgtevzdqQ==
  dependencies:
    "@jimp/types" "1.1.1"

"@jimp/plugin-fisheye@1.1.1":
  version "1.1.1"
  resolved "https://registry.yarnpkg.com/@jimp/plugin-fisheye/-/plugin-fisheye-1.1.1.tgz#c2a15b1faf66e589a45efeaaf2b4c5bdd361873c"
  integrity sha512-xHvO8qAViF9Du0xJRwUi9leQ4Z3OrYO20hOJLMjpYBJDlQFhSyOUIyqwgqcG0bJ9DkTWo1fevhlmyC9SgWlbZQ==
  dependencies:
    "@jimp/types" "1.1.1"
    "@jimp/utils" "1.1.1"
    zod "^3.22.4"

"@jimp/plugin-flip@1.1.1":
  version "1.1.1"
  resolved "https://registry.yarnpkg.com/@jimp/plugin-flip/-/plugin-flip-1.1.1.tgz#633f14fce08284f9daa00300a4ccebeea3a37e57"
  integrity sha512-dNySqualB/fKJ87zxXrd7bzHJUl6utrEPygTPlyUdctVMYjrckYhzfC/12zA3vC14r7Hzkzc2BFBY6RYbjnbCQ==
  dependencies:
    "@jimp/types" "1.1.1"
    zod "^3.22.4"

"@jimp/plugin-hash@1.1.1":
  version "1.1.1"
  resolved "https://registry.yarnpkg.com/@jimp/plugin-hash/-/plugin-hash-1.1.1.tgz#194078530927458cfc6f53cdd415103d08dbd940"
  integrity sha512-Js3mKP3DGX94dGNh+xsgA6wCi9zPt5VY2oy5t03X/F4RonpKLc/aVcKyOK7153iTyLNK1xxQyszboROeWsKwXg==
  dependencies:
    "@jimp/core" "1.1.1"
    "@jimp/js-bmp" "1.1.1"
    "@jimp/js-jpeg" "1.1.1"
    "@jimp/js-png" "1.1.1"
    "@jimp/js-tiff" "1.1.1"
    "@jimp/plugin-color" "1.1.1"
    "@jimp/plugin-resize" "1.1.1"
    "@jimp/types" "1.1.1"
    "@jimp/utils" "1.1.1"
    any-base "^1.1.0"

"@jimp/plugin-mask@1.1.1":
  version "1.1.1"
  resolved "https://registry.yarnpkg.com/@jimp/plugin-mask/-/plugin-mask-1.1.1.tgz#b2addc68976fc6f7424021a502c657f04cd8123f"
  integrity sha512-kNVfgjNmt+W/KYA2Mzli0oWX9ad1FivNZBOUNhhSk8xt96pSk88W1BOp9bGsiQU9m8NAkP6tLvw4x+OKOgha1g==
  dependencies:
    "@jimp/types" "1.1.1"
    zod "^3.22.4"

"@jimp/plugin-print@1.1.1":
  version "1.1.1"
  resolved "https://registry.yarnpkg.com/@jimp/plugin-print/-/plugin-print-1.1.1.tgz#3ba90569edb7a6af9976065f056da5ac96dc6d56"
  integrity sha512-fTkhBt04bDuFNGUQHwbS7B3b+XGclrjy9vFcW2Zl3llhDzKmbbHfWkCxZf7Ig9K102WO7Gp23w1ri+z89vMBWw==
  dependencies:
    "@jimp/core" "1.1.1"
    "@jimp/js-jpeg" "1.1.1"
    "@jimp/js-png" "1.1.1"
    "@jimp/plugin-blit" "1.1.1"
    "@jimp/types" "1.1.1"
    parse-bmfont-ascii "^1.0.6"
    parse-bmfont-binary "^1.0.6"
    parse-bmfont-xml "^1.1.6"
    zod "^3.22.4"

"@jimp/plugin-quantize@1.1.1":
  version "1.1.1"
  resolved "https://registry.yarnpkg.com/@jimp/plugin-quantize/-/plugin-quantize-1.1.1.tgz#a2dc734135849284ef44330fc2833a54e4ad18a0"
  integrity sha512-0eVO/y0LFTN2t5ouJ/oJpx0Fe2KvMye0jfVNb7SxZb3/cLxjMwF0xLqe/pKRWa4+D6pAlO50j0bXOq7miEPz4Q==
  dependencies:
    image-q "^4.0.0"
    zod "^3.22.4"

"@jimp/plugin-resize@1.1.1":
  version "1.1.1"
  resolved "https://registry.yarnpkg.com/@jimp/plugin-resize/-/plugin-resize-1.1.1.tgz#b5a587ef0b817a6f5bdb0721dc75cb0a896f166c"
  integrity sha512-U2l6JWvQT4uaV7xilutStTEk721iihXzAY7jY7HkHikeM4p70YWPT/YWm9mpeZRaUcrqq5kBBMN+fjxguzjVRg==
  dependencies:
    "@jimp/core" "1.1.1"
    "@jimp/types" "1.1.1"
    zod "^3.22.4"

"@jimp/plugin-rotate@1.1.1":
  version "1.1.1"
  resolved "https://registry.yarnpkg.com/@jimp/plugin-rotate/-/plugin-rotate-1.1.1.tgz#f0a3299d524c38dafdca62b916e61fdc21e03b3b"
  integrity sha512-JxHZKDhXbeYozzs6kgxciv3rakDh8Dv60iVZluxE4c6p838RU5QJt/8hFqQkihyE2sBWVQQS35V+YEDrNtpBLw==
  dependencies:
    "@jimp/core" "1.1.1"
    "@jimp/plugin-crop" "1.1.1"
    "@jimp/plugin-resize" "1.1.1"
    "@jimp/types" "1.1.1"
    "@jimp/utils" "1.1.1"
    zod "^3.22.4"

"@jimp/plugin-threshold@1.1.1":
  version "1.1.1"
  resolved "https://registry.yarnpkg.com/@jimp/plugin-threshold/-/plugin-threshold-1.1.1.tgz#ac4f379966383c3555710e3634ee4a3da35c7b3d"
  integrity sha512-nnbmiIWRoj8AjHxramKnacNGaeiDe8sC9JKiobwKTKy3Gkdss6u9ZTBNjLKrhe6EhtJXX8hxO/7J24v87jda7A==
  dependencies:
    "@jimp/core" "1.1.1"
    "@jimp/plugin-color" "1.1.1"
    "@jimp/plugin-hash" "1.1.1"
    "@jimp/types" "1.1.1"
    "@jimp/utils" "1.1.1"
    zod "^3.22.4"

"@jimp/types@1.1.1":
  version "1.1.1"
  resolved "https://registry.yarnpkg.com/@jimp/types/-/types-1.1.1.tgz#875a413e566dcd521035ef0a33037a360c2b910b"
  integrity sha512-Q2lmbwKQ7tUq6rYqKCeyfvjMOUojg0R273TxzTKzsvSEOuj5QJwDORnNF7O/0t0IXSYXT5ESFhHxmnpAMmwJIw==
  dependencies:
    zod "^3.22.4"

"@jimp/utils@1.1.1":
  version "1.1.1"
  resolved "https://registry.yarnpkg.com/@jimp/utils/-/utils-1.1.1.tgz#d45c3ad75e7329018f2584331e6321b3c2bc1735"
  integrity sha512-GbVZM2Zug5W884EOMN7vBuMyMBRj5jfi6/EjTzTiF3CFWU8AZvu/HZEJV02ivR8d0dzjNIHb4XQke8t8iVNk+Q==
  dependencies:
    "@jimp/types" "1.1.1"
    tinycolor2 "^1.6.0"

"@tokenizer/token@^0.3.0":
  version "0.3.0"
  resolved "https://registry.yarnpkg.com/@tokenizer/token/-/token-0.3.0.tgz#fe98a93fe789247e998c75e74e9c7c63217aa276"
  integrity sha512-OvjF+z51L3ov0OyAU0duzsYuvO01PH7x4t6DJx+guahgTnBHkhJdG7soQeTSFLWN3efnHyibZ4Z8l2EuWwJN3A==

"@types/node@16.9.1":
  version "16.9.1"
  resolved "https://registry.yarnpkg.com/@types/node/-/node-16.9.1.tgz#0611b37db4246c937feef529ddcc018cf8e35708"
  integrity sha512-QpLcX9ZSsq3YYUUnD3nFDY8H7wctAhQj/TFKL8Ya8v5fMm3CFXxo8zStsLAl780ltoYoo1WvKUVGBQK+1ifr7g==

any-base@^1.1.0:
  version "1.1.0"
  resolved "https://registry.yarnpkg.com/any-base/-/any-base-1.1.0.tgz#ae101a62bc08a597b4c9ab5b7089d456630549fe"
  integrity sha512-uMgjozySS8adZZYePpaWs8cxB9/kdzmpX6SgJZ+wbz1K5eYk5QMYDVJaZKhxyIHUdnnJkfR7SVgStgH7LkGUyg==

await-to-js@^3.0.0:
  version "3.0.0"
  resolved "https://registry.yarnpkg.com/await-to-js/-/await-to-js-3.0.0.tgz#70929994185616f4675a91af6167eb61cc92868f"
  integrity sha512-zJAaP9zxTcvTHRlejau3ZOY4V7SRpiByf3/dxx2uyKxxor19tpmpV2QRsTKikckwhaPmr2dVpxxMr7jOCYVp5g==

bmp-ts@^1.0.9:
  version "1.0.9"
  resolved "https://registry.yarnpkg.com/bmp-ts/-/bmp-ts-1.0.9.tgz#0fd124ba812be9b786b29e5b186ee76d74ff5538"
  integrity sha512-cTEHk2jLrPyi+12M3dhpEbnnPOsaZuq7C45ylbbQIiWgDFZq4UVYPEY5mlqjvsj/6gJv9qX5sa+ebDzLXT28Vw==

exif-parser@^0.1.12:
  version "0.1.12"
  resolved "https://registry.yarnpkg.com/exif-parser/-/exif-parser-0.1.12.tgz#58a9d2d72c02c1f6f02a0ef4a9166272b7760922"
  integrity sha512-c2bQfLNbMzLPmzQuOr8fy0csy84WmwnER81W88DzTp9CYNPJ6yzOj2EZAh9pywYpqHnshVLHQJ8WzldAyfY+Iw==

file-type@^16.0.0:
  version "16.5.4"
  resolved "https://registry.yarnpkg.com/file-type/-/file-type-16.5.4.tgz#474fb4f704bee427681f98dd390058a172a6c2fd"
  integrity sha512-/yFHK0aGjFEgDJjEKP0pWCplsPFPhwyfwevf/pVxiN0tmE4L9LmwWxWukdJSHdoCli4VgQLehjJtwQBnqmsKcw==
  dependencies:
    readable-web-to-node-stream "^3.0.0"
    strtok3 "^6.2.4"
    token-types "^4.1.1"

gifwrap@^0.10.1:
  version "0.10.1"
  resolved "https://registry.yarnpkg.com/gifwrap/-/gifwrap-0.10.1.tgz#9ed46a5d51913b482d4221ce9c727080260b681e"
  integrity sha512-2760b1vpJHNmLzZ/ubTtNnEx5WApN/PYWJvXvgS+tL1egTTthayFYIQQNi136FLEDcN/IyEY2EcGpIITD6eYUw==
  dependencies:
    image-q "^4.0.0"
    omggif "^1.0.10"

ieee754@^1.2.1:
  version "1.2.1"
  resolved "https://registry.yarnpkg.com/ieee754/-/ieee754-1.2.1.tgz#8eb7a10a63fff25d15a57b001586d177d1b0d352"
  integrity sha512-dcyqhDvX1C46lXZcVqCpK+FtMRQVdIMN6/Df5js2zouUsqG7I6sFxitIC+7KYK29KdXOLHdu9zL4sFnoVQnqaA==

image-q@^4.0.0:
  version "4.0.0"
  resolved "https://registry.yarnpkg.com/image-q/-/image-q-4.0.0.tgz#31e075be7bae3c1f42a85c469b4732c358981776"
  integrity sha512-PfJGVgIfKQJuq3s0tTDOKtztksibuUEbJQIYT3by6wctQo+Rdlh7ef4evJ5NCdxY4CfMbvFkocEwbl4BF8RlJw==
  dependencies:
    "@types/node" "16.9.1"

inherits@^2.0.3:
  version "2.0.4"
  resolved "https://registry.yarnpkg.com/inherits/-/inherits-2.0.4.tgz#0fa2c64f932917c3433a0ded55363aae37416b7c"
  integrity sha512-k/vGaX4/Yla3WzyMCvTQOXYeIHvqOKtnqBduzTHpzpQZzAskKMhZ2K+EnBiSM9zGSoIFeMpXKxa4dYeZIQqewQ==

jimp@1.1.1:
  version "1.1.1"
  resolved "https://registry.yarnpkg.com/jimp/-/jimp-1.1.1.tgz#2ec78599d66f647536270ee0898d034b36ee3247"
  integrity sha512-ULh65TPCPxj9le8me4BM8pYOx6+6rn7wKXqlYU0iE5geCX4osXIv2Scr44DiNVTZhk+BlNsSr36tY23gBYjHow==
  dependencies:
    "@jimp/core" "1.1.1"
    "@jimp/diff" "1.1.1"
    "@jimp/js-bmp" "1.1.1"
    "@jimp/js-gif" "1.1.1"
    "@jimp/js-jpeg" "1.1.1"
    "@jimp/js-png" "1.1.1"
    "@jimp/js-tiff" "1.1.1"
    "@jimp/plugin-blit" "1.1.1"
    "@jimp/plugin-blur" "1.1.1"
    "@jimp/plugin-circle" "1.1.1"
    "@jimp/plugin-color" "1.1.1"
    "@jimp/plugin-contain" "1.1.1"
    "@jimp/plugin-cover" "1.1.1"
    "@jimp/plugin-crop" "1.1.1"
    "@jimp/plugin-displace" "1.1.1"
    "@jimp/plugin-dither" "1.1.1"
    "@jimp/plugin-fisheye" "1.1.1"
    "@jimp/plugin-flip" "1.1.1"
    "@jimp/plugin-hash" "1.1.1"
    "@jimp/plugin-mask" "1.1.1"
    "@jimp/plugin-print" "1.1.1"
    "@jimp/plugin-quantize" "1.1.1"
    "@jimp/plugin-resize" "1.1.1"
    "@jimp/plugin-rotate" "1.1.1"
    "@jimp/plugin-threshold" "1.1.1"
    "@jimp/types" "1.1.1"
    "@jimp/utils" "1.1.1"

jpeg-js@^0.4.4:
  version "0.4.4"
  resolved "https://registry.yarnpkg.com/jpeg-js/-/jpeg-js-0.4.4.tgz#a9f1c6f1f9f0fa80cdb3484ed9635054d28936aa"
  integrity sha512-WZzeDOEtTOBK4Mdsar0IqEU5sMr3vSV2RqkAIzUEV2BHnUfKGyswWFPFwK5EeDo93K3FohSHbLAjj0s1Wzd+dg==

mime@3:
  version "3.0.0"
  resolved "https://registry.yarnpkg.com/mime/-/mime-3.0.0.tgz#b374550dca3a0c18443b0c950a6a58f1931cf7a7"
  integrity sha512-jSCU7/VB1loIWBZe14aEYHU/+1UMEHoaO7qxCOVJOw9GgH72VAWppxNcjU+x9a2k3GSIBXNKxXQFqRvvZ7vr3A==

omggif@^1.0.10:
  version "1.0.10"
  resolved "https://registry.yarnpkg.com/omggif/-/omggif-1.0.10.tgz#ddaaf90d4a42f532e9e7cb3a95ecdd47f17c7b19"
  integrity sha512-LMJTtvgc/nugXj0Vcrrs68Mn2D1r0zf630VNtqtpI1FEO7e+O9FP4gqs9AcnBaSEeoHIPm28u6qgPR0oyEpGSw==

pako@^1.0.11:
  version "1.0.11"
  resolved "https://registry.yarnpkg.com/pako/-/pako-1.0.11.tgz#6c9599d340d54dfd3946380252a35705a6b992bf"
  integrity sha512-4hLB8Py4zZce5s4yd9XzopqwVv/yGNhV1Bl8NTmCq1763HeK2+EwVTv+leGeL13Dnh2wfbqowVPXCIO0z4taYw==

parse-bmfont-ascii@^1.0.6:
  version "1.0.6"
  resolved "https://registry.yarnpkg.com/parse-bmfont-ascii/-/parse-bmfont-ascii-1.0.6.tgz#11ac3c3ff58f7c2020ab22769079108d4dfa0285"
  integrity sha512-U4RrVsUFCleIOBsIGYOMKjn9PavsGOXxbvYGtMOEfnId0SVNsgehXh1DxUdVPLoxd5mvcEtvmKs2Mmf0Mpa1ZA==

parse-bmfont-binary@^1.0.6:
  version "1.0.6"
  resolved "https://registry.yarnpkg.com/parse-bmfont-binary/-/parse-bmfont-binary-1.0.6.tgz#d038b476d3e9dd9db1e11a0b0e53a22792b69006"
  integrity sha512-GxmsRea0wdGdYthjuUeWTMWPqm2+FAd4GI8vCvhgJsFnoGhTrLhXDDupwTo7rXVAgaLIGoVHDZS9p/5XbSqeWA==

parse-bmfont-xml@^1.1.6:
  version "1.1.6"
  resolved "https://registry.yarnpkg.com/parse-bmfont-xml/-/parse-bmfont-xml-1.1.6.tgz#016b655da7aebe6da38c906aca16bf0415773767"
  integrity sha512-0cEliVMZEhrFDwMh4SxIyVJpqYoOWDJ9P895tFuS+XuNzI5UBmBk5U5O4KuJdTnZpSBI4LFA2+ZiJaiwfSwlMA==
  dependencies:
    xml-parse-from-string "^1.0.0"
    xml2js "^0.5.0"

peek-readable@^4.1.0:
  version "4.1.0"
  resolved "https://registry.yarnpkg.com/peek-readable/-/peek-readable-4.1.0.tgz#4ece1111bf5c2ad8867c314c81356847e8a62e72"
  integrity sha512-ZI3LnwUv5nOGbQzD9c2iDG6toheuXSZP5esSHBjopsXH4dg19soufvpUGA3uohi5anFtGb2lhAVdHzH6R/Evvg==

pixelmatch@^5.3.0:
  version "5.3.0"
  resolved "https://registry.yarnpkg.com/pixelmatch/-/pixelmatch-5.3.0.tgz#5e5321a7abedfb7962d60dbf345deda87cb9560a"
  integrity sha512-o8mkY4E/+LNUf6LzX96ht6k6CEDi65k9G2rjMtBe9Oo+VPKSvl+0GKHuH/AlG+GA5LPG/i5hrekkxUc3s2HU+Q==
  dependencies:
    pngjs "^6.0.0"

pngjs@^6.0.0:
  version "6.0.0"
  resolved "https://registry.yarnpkg.com/pngjs/-/pngjs-6.0.0.tgz#ca9e5d2aa48db0228a52c419c3308e87720da821"
  integrity sha512-TRzzuFRRmEoSW/p1KVAmiOgPco2Irlah+bGFCeNfJXxxYGwSw7YwAOAcd7X28K/m5bjBWKsC29KyoMfHbypayg==

pngjs@^7.0.0:
  version "7.0.0"
  resolved "https://registry.yarnpkg.com/pngjs/-/pngjs-7.0.0.tgz#a8b7446020ebbc6ac739db6c5415a65d17090e26"
  integrity sha512-LKWqWJRhstyYo9pGvgor/ivk2w94eSjE3RGVuzLGlr3NmD8bf7RcYGze1mNdEHRP6TRP6rMuDHk5t44hnTRyow==

readable-stream@^3.6.0:
  version "3.6.2"
  resolved "https://registry.yarnpkg.com/readable-stream/-/readable-stream-3.6.2.tgz#56a9b36ea965c00c5a93ef31eb111a0f11056967"
  integrity sha512-9u/sniCrY3D5WdsERHzHE4G2YCXqoG5FTHUiCC4SIbr6XcLZBY05ya9EKjYek9O5xOAwjGq+1JdGBAS7Q9ScoA==
  dependencies:
    inherits "^2.0.3"
    string_decoder "^1.1.1"
    util-deprecate "^1.0.1"

readable-web-to-node-stream@^3.0.0:
  version "3.0.2"
  resolved "https://registry.yarnpkg.com/readable-web-to-node-stream/-/readable-web-to-node-stream-3.0.2.tgz#5d52bb5df7b54861fd48d015e93a2cb87b3ee0bb"
  integrity sha512-ePeK6cc1EcKLEhJFt/AebMCLL+GgSKhuygrZ/GLaKZYEecIgIECf4UaUuaByiGtzckwR4ain9VzUh95T1exYGw==
  dependencies:
    readable-stream "^3.6.0"

safe-buffer@~5.2.0:
  version "5.2.1"
  resolved "https://registry.yarnpkg.com/safe-buffer/-/safe-buffer-5.2.1.tgz#1eaf9fa9bdb1fdd4ec75f58f9cdb4e6b7827eec6"
  integrity sha512-rp3So07KcdmmKbGvgaNxQSJr7bGVSVk5S9Eq1F+ppbRo70+YeaDxkw5Dd8NPN+GD6bjnYm2VuPuCXmpuYvmCXQ==

sax@>=0.6.0:
  version "1.2.4"
  resolved "https://registry.yarnpkg.com/sax/-/sax-1.2.4.tgz#2816234e2378bddc4e5354fab5caa895df7100d9"
  integrity sha512-NqVDv9TpANUjFm0N8uM5GxL36UgKi9/atZw+x7YFnQ8ckwFGKrl4xX4yWtrey3UJm5nP1kUbnYgLopqWNSRhWw==

string_decoder@^1.1.1:
  version "1.3.0"
  resolved "https://registry.yarnpkg.com/string_decoder/-/string_decoder-1.3.0.tgz#42f114594a46cf1a8e30b0a84f56c78c3edac21e"
  integrity sha512-hkRX8U1WjJFd8LsDJ2yQ/wWWxaopEsABU1XfkM8A+j0+85JAGppt16cr1Whg6KIbb4okU6Mql6BOj+uup/wKeA==
  dependencies:
    safe-buffer "~5.2.0"

strtok3@^6.2.4:
  version "6.3.0"
  resolved "https://registry.yarnpkg.com/strtok3/-/strtok3-6.3.0.tgz#358b80ffe6d5d5620e19a073aa78ce947a90f9a0"
  integrity sha512-fZtbhtvI9I48xDSywd/somNqgUHl2L2cstmXCCif0itOf96jeW18MBSyrLuNicYQVkvpOxkZtkzujiTJ9LW5Jw==
  dependencies:
    "@tokenizer/token" "^0.3.0"
    peek-readable "^4.1.0"

tinycolor2@^1.6.0:
  version "1.6.0"
  resolved "https://registry.yarnpkg.com/tinycolor2/-/tinycolor2-1.6.0.tgz#f98007460169b0263b97072c5ae92484ce02d09e"
  integrity sha512-XPaBkWQJdsf3pLKJV9p4qN/S+fm2Oj8AIPo1BTUhg5oxkvm9+SVEGFdhyOz7tTdUTfvxMiAs4sp6/eZO2Ew+pw==

token-types@^4.1.1:
  version "4.2.1"
  resolved "https://registry.yarnpkg.com/token-types/-/token-types-4.2.1.tgz#0f897f03665846982806e138977dbe72d44df753"
  integrity sha512-6udB24Q737UD/SDsKAHI9FCRP7Bqc9D/MQUV02ORQg5iskjtLJlZJNdN4kKtcdtwCeWIwIHDGaUsTsCCAa8sFQ==
  dependencies:
    "@tokenizer/token" "^0.3.0"
    ieee754 "^1.2.1"

utif2@^4.1.0:
  version "4.1.0"
  resolved "https://registry.yarnpkg.com/utif2/-/utif2-4.1.0.tgz#e768d37bd619b995d56d9780b5d2b4611a3d932b"
  integrity sha512-+oknB9FHrJ7oW7A2WZYajOcv4FcDR4CfoGB0dPNfxbi4GO05RRnFmt5oa23+9w32EanrYcSJWspUiJkLMs+37w==
  dependencies:
    pako "^1.0.11"

util-deprecate@^1.0.1:
  version "1.0.2"
  resolved "https://registry.yarnpkg.com/util-deprecate/-/util-deprecate-1.0.2.tgz#450d4dc9fa70de732762fbd2d4a28981419a0ccf"
  integrity sha512-EPD5q1uXyFxJpCrLnCc1nHnq3gOa6DZBocAIiI2TaSCA7VCJ1UJDMagCzIkXNsUYfD1daK//LTEQ8xiIbrHtcw==

xml-parse-from-string@^1.0.0:
  version "1.0.1"
  resolved "https://registry.yarnpkg.com/xml-parse-from-string/-/xml-parse-from-string-1.0.1.tgz#a9029e929d3dbcded169f3c6e28238d95a5d5a28"
  integrity sha512-ErcKwJTF54uRzzNMXq2X5sMIy88zJvfN2DmdoQvy7PAFJ+tPRU6ydWuOKNMyfmOjdyBQTFREi60s0Y0SyI0G0g==

xml2js@^0.5.0:
  version "0.5.0"
  resolved "https://registry.yarnpkg.com/xml2js/-/xml2js-0.5.0.tgz#d9440631fbb2ed800203fad106f2724f62c493b7"
  integrity sha512-drPFnkQJik/O+uPKpqSgr22mpuFHqKdbS835iAQrUC73L2F5WkboIRd63ai/2Yg6I1jzifPFKH2NTK+cfglkIA==
  dependencies:
    sax ">=0.6.0"
    xmlbuilder "~11.0.0"

xmlbuilder@~11.0.0:
  version "11.0.1"
  resolved "https://registry.yarnpkg.com/xmlbuilder/-/xmlbuilder-11.0.1.tgz#be9bae1c8a046e76b31127726347d0ad7002beb3"
  integrity sha512-fDlsI/kFEx7gLvbecc0/ohLG50fugQp8ryHzMTuW9vSa1GJ0XYWKnhsUx7oie3G98+r56aTQIUB4kht42R3JvA==

zod@^3.22.4:
  version "3.23.8"
  resolved "https://registry.yarnpkg.com/zod/-/zod-3.23.8.tgz#e37b957b5d52079769fb8097099b592f0ef4067d"
  integrity sha512-XBx9AXhXktjUqnepgTiE5flcKIYWi/rme0Eaj+5Y0lftuGBq+jyRu/md4WnuxqgP1ubdpNCsYEYPxrzVHD8d6g==
