# THIS IS AN AUTOGENERATED FILE. DO NOT EDIT THIS FILE DIRECTLY.
# yarn lockfile v1


"@jimp/core@1.1.2":
  version "1.1.2"
  resolved "https://registry.yarnpkg.com/@jimp/core/-/core-1.1.2.tgz#819ac7e46f7c4ec49349d5c5f280dbcee6a210be"
  integrity sha512-V6qoyFlC/OQlHo2q9+S0TSj8b9QqD0NRbWfY4KTnCsNohexms3/aQA2elMCVyU53fUm8b6J7k7dWqDmLswjL7w==
  dependencies:
    "@jimp/file-ops" "1.1.2"
    "@jimp/types" "1.1.2"
    "@jimp/utils" "1.1.2"
    await-to-js "^3.0.0"
    exif-parser "^0.1.12"
    file-type "^16.0.0"
    mime "3"

"@jimp/diff@1.1.2":
  version "1.1.2"
  resolved "https://registry.yarnpkg.com/@jimp/diff/-/diff-1.1.2.tgz#43f89316aa40f46c4b5b7678fb83c9e938097ffc"
  integrity sha512-KEbSBkY91lVZAPO7gwN8735MSgBwrJJlG51No9st7x0IZ2SmuTDDusWb8Y9kddgI1ZwMn1gxg5RH79L5je01Yw==
  dependencies:
    "@jimp/plugin-resize" "1.1.2"
    "@jimp/types" "1.1.2"
    "@jimp/utils" "1.1.2"
    pixelmatch "^5.3.0"

"@jimp/file-ops@1.1.2":
  version "1.1.2"
  resolved "https://registry.yarnpkg.com/@jimp/file-ops/-/file-ops-1.1.2.tgz#263c5b4cf01163e67a524ac3fbc3a787a50d4d9c"
  integrity sha512-TppjFM9qPHPuuwF64qsJ4C3qDa+dCZwi0qvP32TSYQAmRfgo3cT49V42FjXdLJSDWdn7l075YZ1SKeIyDNKQng==

"@jimp/js-bmp@1.1.2":
  version "1.1.2"
  resolved "https://registry.yarnpkg.com/@jimp/js-bmp/-/js-bmp-1.1.2.tgz#7dcbd189aa089d99ea78dec90cc354098c638e8c"
  integrity sha512-azvCNUSZ93E/e6hlZK9JB5uJZWOT6UBYLg2sv4GbECsw7qWwvi6s9eUJ//vcJ31m2ZejN5mOMyzCTUVCSYpLsQ==
  dependencies:
    "@jimp/core" "1.1.2"
    "@jimp/types" "1.1.2"
    "@jimp/utils" "1.1.2"
    bmp-ts "^1.0.9"

"@jimp/js-gif@1.1.2":
  version "1.1.2"
  resolved "https://registry.yarnpkg.com/@jimp/js-gif/-/js-gif-1.1.2.tgz#eafb88742f8cd5f9e05e3569b1207ef712597617"
  integrity sha512-k/McVPBPyx7AzbdDZvdV34hLm+W30H3es22dyU5ix47b13lzeDB3U03gce2WIyYN6FtWUsuu4hZxLwO2G0j2eg==
  dependencies:
    "@jimp/core" "1.1.2"
    "@jimp/types" "1.1.2"
    gifwrap "^0.10.1"
    omggif "^1.0.10"

"@jimp/js-jpeg@1.1.2":
  version "1.1.2"
  resolved "https://registry.yarnpkg.com/@jimp/js-jpeg/-/js-jpeg-1.1.2.tgz#c77fafdd460e5faca974f93cfa6ef3b3457b8585"
  integrity sha512-nbYYRt+2fekNKuwua9NwwjH4YzyNo/t9opDWnzCug7ZQhlDRdngryddlbRwTxuhYMfQE8stWgOVt/w2o3gJGmw==
  dependencies:
    "@jimp/core" "1.1.2"
    "@jimp/types" "1.1.2"
    jpeg-js "^0.4.4"

"@jimp/js-png@1.1.2":
  version "1.1.2"
  resolved "https://registry.yarnpkg.com/@jimp/js-png/-/js-png-1.1.2.tgz#febaaa4b471b0fc5d68713c05b62bcf2813d4cdf"
  integrity sha512-7Tdb5JRYD3eDOlBFH9KXckwrR/2r7kyiKdLQkINMN/7tkj3t4lq+dYWKjORCcayObjAmDJyL+HJikySTrb+Htg==
  dependencies:
    "@jimp/core" "1.1.2"
    "@jimp/types" "1.1.2"
    pngjs "^7.0.0"

"@jimp/js-tiff@1.1.2":
  version "1.1.2"
  resolved "https://registry.yarnpkg.com/@jimp/js-tiff/-/js-tiff-1.1.2.tgz#ee1dc8b7da3b6f2a17310ac97091db88d7ef0e42"
  integrity sha512-BVaEz2sOxwCvfwYmuu1F1Ht5ZxN5XaOK/dDHAq8LFBOL/1lx/Bz6Y7TdGVpRNEXiOmB5yRqAiqhPGxuvLgPXfg==
  dependencies:
    "@jimp/core" "1.1.2"
    "@jimp/types" "1.1.2"
    utif2 "^4.1.0"

"@jimp/plugin-blit@1.1.2":
  version "1.1.2"
  resolved "https://registry.yarnpkg.com/@jimp/plugin-blit/-/plugin-blit-1.1.2.tgz#7e04722ffc834075f752b02a00f7b33001687bee"
  integrity sha512-gfsTFG7ndqik0MjWw1jwOuILtkUzY8UKiwIkfjRD4sDuZmuGvaN+6IrTL4+1mEOH9P6mjsNxTJ2xmG6pV9NRwg==
  dependencies:
    "@jimp/types" "1.1.2"
    "@jimp/utils" "1.1.2"
    zod "^3.22.4"

"@jimp/plugin-blur@1.1.2":
  version "1.1.2"
  resolved "https://registry.yarnpkg.com/@jimp/plugin-blur/-/plugin-blur-1.1.2.tgz#b12f56e11992a3eba7315f0cfbb78502ab77a661"
  integrity sha512-AT5bMtLfv/0jrOm4jo7zidBz0umUVC1QVHKk4azy5JeUHmQAKdVCUX5WQAUgnAIW+duy33DsQ4H5kKiWceUsiw==
  dependencies:
    "@jimp/core" "1.1.2"
    "@jimp/utils" "1.1.2"

"@jimp/plugin-circle@1.1.2":
  version "1.1.2"
  resolved "https://registry.yarnpkg.com/@jimp/plugin-circle/-/plugin-circle-1.1.2.tgz#73f8e5552e71efa0cdbbf3d8c1322cf4363e156b"
  integrity sha512-XHub2I4LDPxzUjUy06+yvmWoDqfT7W6cXXG8AGNoUFd3f9WBUmUj/+Vmr020MNG6opEMffLtjeGKzDF3P4toSg==
  dependencies:
    "@jimp/types" "1.1.2"
    zod "^3.22.4"

"@jimp/plugin-color@1.1.2":
  version "1.1.2"
  resolved "https://registry.yarnpkg.com/@jimp/plugin-color/-/plugin-color-1.1.2.tgz#c0d15ec4ffd6899c804d950e9a82cfda4405042e"
  integrity sha512-mQ4EahCgjptFWk0FwLIZwhNidBhOFn8ZvDMR7gmuH9ivCk2X9RXBLGTTnbkZ35tG9Vkau3maZgY6NzUyycYEWQ==
  dependencies:
    "@jimp/core" "1.1.2"
    "@jimp/types" "1.1.2"
    "@jimp/utils" "1.1.2"
    tinycolor2 "^1.6.0"
    zod "^3.22.4"

"@jimp/plugin-contain@1.1.2":
  version "1.1.2"
  resolved "https://registry.yarnpkg.com/@jimp/plugin-contain/-/plugin-contain-1.1.2.tgz#3f46236c9d38ae624a8bc5bbe3079baa89e76c9d"
  integrity sha512-oozLaHaoCe70AsT9Yh2yVTNvWfhh9Br5iIwMoCmNKro7ZUtio4N70LGmYeLLmQlt0mJLTQy32oX5UtZfY8I4gg==
  dependencies:
    "@jimp/core" "1.1.2"
    "@jimp/plugin-blit" "1.1.2"
    "@jimp/plugin-resize" "1.1.2"
    "@jimp/types" "1.1.2"
    "@jimp/utils" "1.1.2"
    zod "^3.22.4"

"@jimp/plugin-cover@1.1.2":
  version "1.1.2"
  resolved "https://registry.yarnpkg.com/@jimp/plugin-cover/-/plugin-cover-1.1.2.tgz#1d9ba64a19efbeb6d8820ea117864aeba86d3eb3"
  integrity sha512-HcYz3E8FtwBUHXhnobYvWeW3mbT72Jc0fQj1+z3J6qnuMeVR419EW5+l6ye4fx76KRyAQE6cOwTFWr+WDrfazw==
  dependencies:
    "@jimp/core" "1.1.2"
    "@jimp/plugin-crop" "1.1.2"
    "@jimp/plugin-resize" "1.1.2"
    "@jimp/types" "1.1.2"
    zod "^3.22.4"

"@jimp/plugin-crop@1.1.2":
  version "1.1.2"
  resolved "https://registry.yarnpkg.com/@jimp/plugin-crop/-/plugin-crop-1.1.2.tgz#968c19abf6294d7faf09f802e7e363759614a0e9"
  integrity sha512-bUbpQLS80g898tU0k5Eiyt8WbYyyQ2Wb1nCRVRsDKXzHaIxOttZ4e+wsTkY8gYkWyCtwb1ETvwem8Z+MCn4XXQ==
  dependencies:
    "@jimp/core" "1.1.2"
    "@jimp/types" "1.1.2"
    "@jimp/utils" "1.1.2"
    zod "^3.22.4"

"@jimp/plugin-displace@1.1.2":
  version "1.1.2"
  resolved "https://registry.yarnpkg.com/@jimp/plugin-displace/-/plugin-displace-1.1.2.tgz#31e7e59a3884505cb662b0b2a1d8dcb4cbed0424"
  integrity sha512-m91UzcAeoXFDKbLmaOHNSNh4t+aVEHKRzFUOYDXO0pG82pMYdLZtBqyGXEdNUOqNVsE0detSrk91mizxkcNZ/w==
  dependencies:
    "@jimp/types" "1.1.2"
    "@jimp/utils" "1.1.2"
    zod "^3.22.4"

"@jimp/plugin-dither@1.1.2":
  version "1.1.2"
  resolved "https://registry.yarnpkg.com/@jimp/plugin-dither/-/plugin-dither-1.1.2.tgz#d26344a07ed0a0aa8f336efdcb42ead3a937d225"
  integrity sha512-GM4BVLxpIu2D3Lve8HuipKmbQp1FX+3V2RxTF5ZYjtVJ9E+fbfz76UJE/oMRpHaa0iXdMxmpdZUIy/OfhRqjuw==
  dependencies:
    "@jimp/types" "1.1.2"

"@jimp/plugin-fisheye@1.1.2":
  version "1.1.2"
  resolved "https://registry.yarnpkg.com/@jimp/plugin-fisheye/-/plugin-fisheye-1.1.2.tgz#62ea38225ace7be36509c39b91e84ec7e573a527"
  integrity sha512-w0obyApDpSF8UXFjV5+tTeZtj7GgUOnJ8r5I92aoaWoTr2CvZI0Hzuv6fgxILXzyN4JxT4rXbtJwl5Yd1erWLA==
  dependencies:
    "@jimp/types" "1.1.2"
    "@jimp/utils" "1.1.2"
    zod "^3.22.4"

"@jimp/plugin-flip@1.1.2":
  version "1.1.2"
  resolved "https://registry.yarnpkg.com/@jimp/plugin-flip/-/plugin-flip-1.1.2.tgz#6cbbc1fe572ec86ac5f87a5f459381cbc1b88d21"
  integrity sha512-xahqNwmH5HLVJ8TDlDtkA2xGgqIlzzyEzQy99HFx7CDbMlMKnbxUYvmomqFV47xVksa64uIHsIt0UuBaxxLVhg==
  dependencies:
    "@jimp/types" "1.1.2"
    zod "^3.22.4"

"@jimp/plugin-hash@1.1.2":
  version "1.1.2"
  resolved "https://registry.yarnpkg.com/@jimp/plugin-hash/-/plugin-hash-1.1.2.tgz#4b81bd398d68f8899b47389b80e036970b3ba362"
  integrity sha512-ppPCOyK/bki9SVgPxYDXXvUyd4JA2YWIwVw6Zc13EDnXHTItnzQDCoTwRkvnyHMMyQ/DzXWHhUWvKlLgi4ShxA==
  dependencies:
    "@jimp/core" "1.1.2"
    "@jimp/js-bmp" "1.1.2"
    "@jimp/js-jpeg" "1.1.2"
    "@jimp/js-png" "1.1.2"
    "@jimp/js-tiff" "1.1.2"
    "@jimp/plugin-color" "1.1.2"
    "@jimp/plugin-resize" "1.1.2"
    "@jimp/types" "1.1.2"
    "@jimp/utils" "1.1.2"
    any-base "^1.1.0"

"@jimp/plugin-mask@1.1.2":
  version "1.1.2"
  resolved "https://registry.yarnpkg.com/@jimp/plugin-mask/-/plugin-mask-1.1.2.tgz#391f070b4db1d0e0eeaad40f5b85824ed5bc47ad"
  integrity sha512-aFY160Wxf0zoHphCpHHMAkMUIYOtzHrS0vgo8HZtE0CfsRjp9Kym6hEXO0kn0yqUYi0ri/sFE+STpNCDP5CsOg==
  dependencies:
    "@jimp/types" "1.1.2"
    zod "^3.22.4"

"@jimp/plugin-print@1.1.2":
  version "1.1.2"
  resolved "https://registry.yarnpkg.com/@jimp/plugin-print/-/plugin-print-1.1.2.tgz#1747c93a0da1e8b868710365f23b2dc3aa6d5363"
  integrity sha512-GBAO66TsVDiLo4b++fFRLxwHbYZ+F1UMqOnJkBcFlTyDR1zGln2xTRPd0kLQu6x47PmGAtEJuT1RUfe+aSiOdA==
  dependencies:
    "@jimp/core" "1.1.2"
    "@jimp/js-jpeg" "1.1.2"
    "@jimp/js-png" "1.1.2"
    "@jimp/plugin-blit" "1.1.2"
    "@jimp/types" "1.1.2"
    parse-bmfont-ascii "^1.0.6"
    parse-bmfont-binary "^1.0.6"
    parse-bmfont-xml "^1.1.6"
    zod "^3.22.4"

"@jimp/plugin-quantize@1.1.2":
  version "1.1.2"
  resolved "https://registry.yarnpkg.com/@jimp/plugin-quantize/-/plugin-quantize-1.1.2.tgz#9fda2da8f296a95b019cf2ef546ae338ef7f1e1e"
  integrity sha512-hEK9K2m+cA3O0S68lHrG1IgQdD864v2QbYC/i+/BX6HEXyL6GuLLjhuxeubakeYQ2qLBUc9LyvcGe+LJRRQ2vw==
  dependencies:
    image-q "^4.0.0"
    zod "^3.22.4"

"@jimp/plugin-resize@1.1.2":
  version "1.1.2"
  resolved "https://registry.yarnpkg.com/@jimp/plugin-resize/-/plugin-resize-1.1.2.tgz#a8d21f56055fb5822f3790f860c70a4429129d20"
  integrity sha512-1Wkgt49IDYKSO/6dQPW9+3zLsqLVMfC9SGezPY/8+fgR4K+BYbRPyDqZ9Fo/ixa00YwapANHc07tY8pfc93nfw==
  dependencies:
    "@jimp/core" "1.1.2"
    "@jimp/types" "1.1.2"
    zod "^3.22.4"

"@jimp/plugin-rotate@1.1.2":
  version "1.1.2"
  resolved "https://registry.yarnpkg.com/@jimp/plugin-rotate/-/plugin-rotate-1.1.2.tgz#bac5b9b3c4894fa9af58c1c82f6f6e71cb1f2dbc"
  integrity sha512-e4aM7UAZDCMQrS7+oNpcRwm6Pday1tBC4pfD3E9+FZ8SopWCDHtHrZkQx3uC0i0S032Bsg0UGnUwJzWqWYToQg==
  dependencies:
    "@jimp/core" "1.1.2"
    "@jimp/plugin-crop" "1.1.2"
    "@jimp/plugin-resize" "1.1.2"
    "@jimp/types" "1.1.2"
    "@jimp/utils" "1.1.2"
    zod "^3.22.4"

"@jimp/plugin-threshold@1.1.2":
  version "1.1.2"
  resolved "https://registry.yarnpkg.com/@jimp/plugin-threshold/-/plugin-threshold-1.1.2.tgz#7c57cf3961270c1a6c9f7dbcfe54c7317df3b72d"
  integrity sha512-Z5Cki5gW8Xxw1rcHmVh67CQdgT2zjMH71WcO2p+/lLpjx+Za28l0t7wqmsWfOsvZCE41spU5+OumI8k55auJOA==
  dependencies:
    "@jimp/core" "1.1.2"
    "@jimp/plugin-color" "1.1.2"
    "@jimp/plugin-hash" "1.1.2"
    "@jimp/types" "1.1.2"
    "@jimp/utils" "1.1.2"
    zod "^3.22.4"

"@jimp/types@1.1.2":
  version "1.1.2"
  resolved "https://registry.yarnpkg.com/@jimp/types/-/types-1.1.2.tgz#0143a46a5b22432006e064510bc2018febe637a0"
  integrity sha512-Kte/cqpn3irTYlFuVNRSa7h6yLxqjdy0TRpayefg0I7Nk+M+GMtHA6v7Hrsj2S+xfrshjx6bt21lE0jcj7U6vw==
  dependencies:
    zod "^3.22.4"

"@jimp/utils@1.1.2":
  version "1.1.2"
  resolved "https://registry.yarnpkg.com/@jimp/utils/-/utils-1.1.2.tgz#3f2a37c3a09cf93a622021f298930baa53adf15d"
  integrity sha512-PEB+Rpz69YdmciqFm7GnNqPJg0o7Lb//2GaO7vxEU9uVOvOoqBLui1teDGJ8XkGNPPKsKMIBTXY7kW0Nf4RuaA==
  dependencies:
    "@jimp/types" "1.1.2"
    tinycolor2 "^1.6.0"

"@tokenizer/token@^0.3.0":
  version "0.3.0"
  resolved "https://registry.yarnpkg.com/@tokenizer/token/-/token-0.3.0.tgz#fe98a93fe789247e998c75e74e9c7c63217aa276"
  integrity sha512-OvjF+z51L3ov0OyAU0duzsYuvO01PH7x4t6DJx+guahgTnBHkhJdG7soQeTSFLWN3efnHyibZ4Z8l2EuWwJN3A==

"@types/node@16.9.1":
  version "16.9.1"
  resolved "https://registry.yarnpkg.com/@types/node/-/node-16.9.1.tgz#0611b37db4246c937feef529ddcc018cf8e35708"
  integrity sha512-QpLcX9ZSsq3YYUUnD3nFDY8H7wctAhQj/TFKL8Ya8v5fMm3CFXxo8zStsLAl780ltoYoo1WvKUVGBQK+1ifr7g==

any-base@^1.1.0:
  version "1.1.0"
  resolved "https://registry.yarnpkg.com/any-base/-/any-base-1.1.0.tgz#ae101a62bc08a597b4c9ab5b7089d456630549fe"
  integrity sha512-uMgjozySS8adZZYePpaWs8cxB9/kdzmpX6SgJZ+wbz1K5eYk5QMYDVJaZKhxyIHUdnnJkfR7SVgStgH7LkGUyg==

await-to-js@^3.0.0:
  version "3.0.0"
  resolved "https://registry.yarnpkg.com/await-to-js/-/await-to-js-3.0.0.tgz#70929994185616f4675a91af6167eb61cc92868f"
  integrity sha512-zJAaP9zxTcvTHRlejau3ZOY4V7SRpiByf3/dxx2uyKxxor19tpmpV2QRsTKikckwhaPmr2dVpxxMr7jOCYVp5g==

bmp-ts@^1.0.9:
  version "1.0.9"
  resolved "https://registry.yarnpkg.com/bmp-ts/-/bmp-ts-1.0.9.tgz#0fd124ba812be9b786b29e5b186ee76d74ff5538"
  integrity sha512-cTEHk2jLrPyi+12M3dhpEbnnPOsaZuq7C45ylbbQIiWgDFZq4UVYPEY5mlqjvsj/6gJv9qX5sa+ebDzLXT28Vw==

exif-parser@^0.1.12:
  version "0.1.12"
  resolved "https://registry.yarnpkg.com/exif-parser/-/exif-parser-0.1.12.tgz#58a9d2d72c02c1f6f02a0ef4a9166272b7760922"
  integrity sha512-c2bQfLNbMzLPmzQuOr8fy0csy84WmwnER81W88DzTp9CYNPJ6yzOj2EZAh9pywYpqHnshVLHQJ8WzldAyfY+Iw==

file-type@^16.0.0:
  version "16.5.4"
  resolved "https://registry.yarnpkg.com/file-type/-/file-type-16.5.4.tgz#474fb4f704bee427681f98dd390058a172a6c2fd"
  integrity sha512-/yFHK0aGjFEgDJjEKP0pWCplsPFPhwyfwevf/pVxiN0tmE4L9LmwWxWukdJSHdoCli4VgQLehjJtwQBnqmsKcw==
  dependencies:
    readable-web-to-node-stream "^3.0.0"
    strtok3 "^6.2.4"
    token-types "^4.1.1"

gifwrap@^0.10.1:
  version "0.10.1"
  resolved "https://registry.yarnpkg.com/gifwrap/-/gifwrap-0.10.1.tgz#9ed46a5d51913b482d4221ce9c727080260b681e"
  integrity sha512-2760b1vpJHNmLzZ/ubTtNnEx5WApN/PYWJvXvgS+tL1egTTthayFYIQQNi136FLEDcN/IyEY2EcGpIITD6eYUw==
  dependencies:
    image-q "^4.0.0"
    omggif "^1.0.10"

ieee754@^1.2.1:
  version "1.2.1"
  resolved "https://registry.yarnpkg.com/ieee754/-/ieee754-1.2.1.tgz#8eb7a10a63fff25d15a57b001586d177d1b0d352"
  integrity sha512-dcyqhDvX1C46lXZcVqCpK+FtMRQVdIMN6/Df5js2zouUsqG7I6sFxitIC+7KYK29KdXOLHdu9zL4sFnoVQnqaA==

image-q@^4.0.0:
  version "4.0.0"
  resolved "https://registry.yarnpkg.com/image-q/-/image-q-4.0.0.tgz#31e075be7bae3c1f42a85c469b4732c358981776"
  integrity sha512-PfJGVgIfKQJuq3s0tTDOKtztksibuUEbJQIYT3by6wctQo+Rdlh7ef4evJ5NCdxY4CfMbvFkocEwbl4BF8RlJw==
  dependencies:
    "@types/node" "16.9.1"

inherits@^2.0.3:
  version "2.0.4"
  resolved "https://registry.yarnpkg.com/inherits/-/inherits-2.0.4.tgz#0fa2c64f932917c3433a0ded55363aae37416b7c"
  integrity sha512-k/vGaX4/Yla3WzyMCvTQOXYeIHvqOKtnqBduzTHpzpQZzAskKMhZ2K+EnBiSM9zGSoIFeMpXKxa4dYeZIQqewQ==

jimp@1.1.2:
  version "1.1.2"
  resolved "https://registry.yarnpkg.com/jimp/-/jimp-1.1.2.tgz#953e9c2b78101e771f45adc3d41155ec6c57b481"
  integrity sha512-KChxgTiI5OOopS/pnKQVE5/uLHwnXWQzTZ1B7CYpkrnyGYbghETeeUasRDLmoU2DYVzoFHfgwJqBIP40Az59xg==
  dependencies:
    "@jimp/core" "1.1.2"
    "@jimp/diff" "1.1.2"
    "@jimp/js-bmp" "1.1.2"
    "@jimp/js-gif" "1.1.2"
    "@jimp/js-jpeg" "1.1.2"
    "@jimp/js-png" "1.1.2"
    "@jimp/js-tiff" "1.1.2"
    "@jimp/plugin-blit" "1.1.2"
    "@jimp/plugin-blur" "1.1.2"
    "@jimp/plugin-circle" "1.1.2"
    "@jimp/plugin-color" "1.1.2"
    "@jimp/plugin-contain" "1.1.2"
    "@jimp/plugin-cover" "1.1.2"
    "@jimp/plugin-crop" "1.1.2"
    "@jimp/plugin-displace" "1.1.2"
    "@jimp/plugin-dither" "1.1.2"
    "@jimp/plugin-fisheye" "1.1.2"
    "@jimp/plugin-flip" "1.1.2"
    "@jimp/plugin-hash" "1.1.2"
    "@jimp/plugin-mask" "1.1.2"
    "@jimp/plugin-print" "1.1.2"
    "@jimp/plugin-quantize" "1.1.2"
    "@jimp/plugin-resize" "1.1.2"
    "@jimp/plugin-rotate" "1.1.2"
    "@jimp/plugin-threshold" "1.1.2"
    "@jimp/types" "1.1.2"
    "@jimp/utils" "1.1.2"

jpeg-js@^0.4.4:
  version "0.4.4"
  resolved "https://registry.yarnpkg.com/jpeg-js/-/jpeg-js-0.4.4.tgz#a9f1c6f1f9f0fa80cdb3484ed9635054d28936aa"
  integrity sha512-WZzeDOEtTOBK4Mdsar0IqEU5sMr3vSV2RqkAIzUEV2BHnUfKGyswWFPFwK5EeDo93K3FohSHbLAjj0s1Wzd+dg==

mime@3:
  version "3.0.0"
  resolved "https://registry.yarnpkg.com/mime/-/mime-3.0.0.tgz#b374550dca3a0c18443b0c950a6a58f1931cf7a7"
  integrity sha512-jSCU7/VB1loIWBZe14aEYHU/+1UMEHoaO7qxCOVJOw9GgH72VAWppxNcjU+x9a2k3GSIBXNKxXQFqRvvZ7vr3A==

omggif@^1.0.10:
  version "1.0.10"
  resolved "https://registry.yarnpkg.com/omggif/-/omggif-1.0.10.tgz#ddaaf90d4a42f532e9e7cb3a95ecdd47f17c7b19"
  integrity sha512-LMJTtvgc/nugXj0Vcrrs68Mn2D1r0zf630VNtqtpI1FEO7e+O9FP4gqs9AcnBaSEeoHIPm28u6qgPR0oyEpGSw==

pako@^1.0.11:
  version "1.0.11"
  resolved "https://registry.yarnpkg.com/pako/-/pako-1.0.11.tgz#6c9599d340d54dfd3946380252a35705a6b992bf"
  integrity sha512-4hLB8Py4zZce5s4yd9XzopqwVv/yGNhV1Bl8NTmCq1763HeK2+EwVTv+leGeL13Dnh2wfbqowVPXCIO0z4taYw==

parse-bmfont-ascii@^1.0.6:
  version "1.0.6"
  resolved "https://registry.yarnpkg.com/parse-bmfont-ascii/-/parse-bmfont-ascii-1.0.6.tgz#11ac3c3ff58f7c2020ab22769079108d4dfa0285"
  integrity sha512-U4RrVsUFCleIOBsIGYOMKjn9PavsGOXxbvYGtMOEfnId0SVNsgehXh1DxUdVPLoxd5mvcEtvmKs2Mmf0Mpa1ZA==

parse-bmfont-binary@^1.0.6:
  version "1.0.6"
  resolved "https://registry.yarnpkg.com/parse-bmfont-binary/-/parse-bmfont-binary-1.0.6.tgz#d038b476d3e9dd9db1e11a0b0e53a22792b69006"
  integrity sha512-GxmsRea0wdGdYthjuUeWTMWPqm2+FAd4GI8vCvhgJsFnoGhTrLhXDDupwTo7rXVAgaLIGoVHDZS9p/5XbSqeWA==

parse-bmfont-xml@^1.1.6:
  version "1.1.6"
  resolved "https://registry.yarnpkg.com/parse-bmfont-xml/-/parse-bmfont-xml-1.1.6.tgz#016b655da7aebe6da38c906aca16bf0415773767"
  integrity sha512-0cEliVMZEhrFDwMh4SxIyVJpqYoOWDJ9P895tFuS+XuNzI5UBmBk5U5O4KuJdTnZpSBI4LFA2+ZiJaiwfSwlMA==
  dependencies:
    xml-parse-from-string "^1.0.0"
    xml2js "^0.5.0"

peek-readable@^4.1.0:
  version "4.1.0"
  resolved "https://registry.yarnpkg.com/peek-readable/-/peek-readable-4.1.0.tgz#4ece1111bf5c2ad8867c314c81356847e8a62e72"
  integrity sha512-ZI3LnwUv5nOGbQzD9c2iDG6toheuXSZP5esSHBjopsXH4dg19soufvpUGA3uohi5anFtGb2lhAVdHzH6R/Evvg==

pixelmatch@^5.3.0:
  version "5.3.0"
  resolved "https://registry.yarnpkg.com/pixelmatch/-/pixelmatch-5.3.0.tgz#5e5321a7abedfb7962d60dbf345deda87cb9560a"
  integrity sha512-o8mkY4E/+LNUf6LzX96ht6k6CEDi65k9G2rjMtBe9Oo+VPKSvl+0GKHuH/AlG+GA5LPG/i5hrekkxUc3s2HU+Q==
  dependencies:
    pngjs "^6.0.0"

pngjs@^6.0.0:
  version "6.0.0"
  resolved "https://registry.yarnpkg.com/pngjs/-/pngjs-6.0.0.tgz#ca9e5d2aa48db0228a52c419c3308e87720da821"
  integrity sha512-TRzzuFRRmEoSW/p1KVAmiOgPco2Irlah+bGFCeNfJXxxYGwSw7YwAOAcd7X28K/m5bjBWKsC29KyoMfHbypayg==

pngjs@^7.0.0:
  version "7.0.0"
  resolved "https://registry.yarnpkg.com/pngjs/-/pngjs-7.0.0.tgz#a8b7446020ebbc6ac739db6c5415a65d17090e26"
  integrity sha512-LKWqWJRhstyYo9pGvgor/ivk2w94eSjE3RGVuzLGlr3NmD8bf7RcYGze1mNdEHRP6TRP6rMuDHk5t44hnTRyow==

readable-stream@^3.6.0:
  version "3.6.2"
  resolved "https://registry.yarnpkg.com/readable-stream/-/readable-stream-3.6.2.tgz#56a9b36ea965c00c5a93ef31eb111a0f11056967"
  integrity sha512-9u/sniCrY3D5WdsERHzHE4G2YCXqoG5FTHUiCC4SIbr6XcLZBY05ya9EKjYek9O5xOAwjGq+1JdGBAS7Q9ScoA==
  dependencies:
    inherits "^2.0.3"
    string_decoder "^1.1.1"
    util-deprecate "^1.0.1"

readable-web-to-node-stream@^3.0.0:
  version "3.0.2"
  resolved "https://registry.yarnpkg.com/readable-web-to-node-stream/-/readable-web-to-node-stream-3.0.2.tgz#5d52bb5df7b54861fd48d015e93a2cb87b3ee0bb"
  integrity sha512-ePeK6cc1EcKLEhJFt/AebMCLL+GgSKhuygrZ/GLaKZYEecIgIECf4UaUuaByiGtzckwR4ain9VzUh95T1exYGw==
  dependencies:
    readable-stream "^3.6.0"

safe-buffer@~5.2.0:
  version "5.2.1"
  resolved "https://registry.yarnpkg.com/safe-buffer/-/safe-buffer-5.2.1.tgz#1eaf9fa9bdb1fdd4ec75f58f9cdb4e6b7827eec6"
  integrity sha512-rp3So07KcdmmKbGvgaNxQSJr7bGVSVk5S9Eq1F+ppbRo70+YeaDxkw5Dd8NPN+GD6bjnYm2VuPuCXmpuYvmCXQ==

sax@>=0.6.0:
  version "1.2.4"
  resolved "https://registry.yarnpkg.com/sax/-/sax-1.2.4.tgz#2816234e2378bddc4e5354fab5caa895df7100d9"
  integrity sha512-NqVDv9TpANUjFm0N8uM5GxL36UgKi9/atZw+x7YFnQ8ckwFGKrl4xX4yWtrey3UJm5nP1kUbnYgLopqWNSRhWw==

string_decoder@^1.1.1:
  version "1.3.0"
  resolved "https://registry.yarnpkg.com/string_decoder/-/string_decoder-1.3.0.tgz#42f114594a46cf1a8e30b0a84f56c78c3edac21e"
  integrity sha512-hkRX8U1WjJFd8LsDJ2yQ/wWWxaopEsABU1XfkM8A+j0+85JAGppt16cr1Whg6KIbb4okU6Mql6BOj+uup/wKeA==
  dependencies:
    safe-buffer "~5.2.0"

strtok3@^6.2.4:
  version "6.3.0"
  resolved "https://registry.yarnpkg.com/strtok3/-/strtok3-6.3.0.tgz#358b80ffe6d5d5620e19a073aa78ce947a90f9a0"
  integrity sha512-fZtbhtvI9I48xDSywd/somNqgUHl2L2cstmXCCif0itOf96jeW18MBSyrLuNicYQVkvpOxkZtkzujiTJ9LW5Jw==
  dependencies:
    "@tokenizer/token" "^0.3.0"
    peek-readable "^4.1.0"

tinycolor2@^1.6.0:
  version "1.6.0"
  resolved "https://registry.yarnpkg.com/tinycolor2/-/tinycolor2-1.6.0.tgz#f98007460169b0263b97072c5ae92484ce02d09e"
  integrity sha512-XPaBkWQJdsf3pLKJV9p4qN/S+fm2Oj8AIPo1BTUhg5oxkvm9+SVEGFdhyOz7tTdUTfvxMiAs4sp6/eZO2Ew+pw==

token-types@^4.1.1:
  version "4.2.1"
  resolved "https://registry.yarnpkg.com/token-types/-/token-types-4.2.1.tgz#0f897f03665846982806e138977dbe72d44df753"
  integrity sha512-6udB24Q737UD/SDsKAHI9FCRP7Bqc9D/MQUV02ORQg5iskjtLJlZJNdN4kKtcdtwCeWIwIHDGaUsTsCCAa8sFQ==
  dependencies:
    "@tokenizer/token" "^0.3.0"
    ieee754 "^1.2.1"

utif2@^4.1.0:
  version "4.1.0"
  resolved "https://registry.yarnpkg.com/utif2/-/utif2-4.1.0.tgz#e768d37bd619b995d56d9780b5d2b4611a3d932b"
  integrity sha512-+oknB9FHrJ7oW7A2WZYajOcv4FcDR4CfoGB0dPNfxbi4GO05RRnFmt5oa23+9w32EanrYcSJWspUiJkLMs+37w==
  dependencies:
    pako "^1.0.11"

util-deprecate@^1.0.1:
  version "1.0.2"
  resolved "https://registry.yarnpkg.com/util-deprecate/-/util-deprecate-1.0.2.tgz#450d4dc9fa70de732762fbd2d4a28981419a0ccf"
  integrity sha512-EPD5q1uXyFxJpCrLnCc1nHnq3gOa6DZBocAIiI2TaSCA7VCJ1UJDMagCzIkXNsUYfD1daK//LTEQ8xiIbrHtcw==

xml-parse-from-string@^1.0.0:
  version "1.0.1"
  resolved "https://registry.yarnpkg.com/xml-parse-from-string/-/xml-parse-from-string-1.0.1.tgz#a9029e929d3dbcded169f3c6e28238d95a5d5a28"
  integrity sha512-ErcKwJTF54uRzzNMXq2X5sMIy88zJvfN2DmdoQvy7PAFJ+tPRU6ydWuOKNMyfmOjdyBQTFREi60s0Y0SyI0G0g==

xml2js@^0.5.0:
  version "0.5.0"
  resolved "https://registry.yarnpkg.com/xml2js/-/xml2js-0.5.0.tgz#d9440631fbb2ed800203fad106f2724f62c493b7"
  integrity sha512-drPFnkQJik/O+uPKpqSgr22mpuFHqKdbS835iAQrUC73L2F5WkboIRd63ai/2Yg6I1jzifPFKH2NTK+cfglkIA==
  dependencies:
    sax ">=0.6.0"
    xmlbuilder "~11.0.0"

xmlbuilder@~11.0.0:
  version "11.0.1"
  resolved "https://registry.yarnpkg.com/xmlbuilder/-/xmlbuilder-11.0.1.tgz#be9bae1c8a046e76b31127726347d0ad7002beb3"
  integrity sha512-fDlsI/kFEx7gLvbecc0/ohLG50fugQp8ryHzMTuW9vSa1GJ0XYWKnhsUx7oie3G98+r56aTQIUB4kht42R3JvA==

zod@^3.22.4:
  version "3.23.8"
  resolved "https://registry.yarnpkg.com/zod/-/zod-3.23.8.tgz#e37b957b5d52079769fb8097099b592f0ef4067d"
  integrity sha512-XBx9AXhXktjUqnepgTiE5flcKIYWi/rme0Eaj+5Y0lftuGBq+jyRu/md4WnuxqgP1ubdpNCsYEYPxrzVHD8d6g==
